PODS:
  - AFNetworking (2.5.4):
    - AFNetworking/NSURLConnection (= 2.5.4)
    - AFNetworking/NSURLSession (= 2.5.4)
    - AFNetworking/Reachability (= 2.5.4)
    - AFNetworking/Security (= 2.5.4)
    - AFNetworking/Serialization (= 2.5.4)
    - AFNetworking/UIKit (= 2.5.4)
  - AFNetworking/NSURLConnection (2.5.4):
    - AFNetworking/Reachability
    - AFNetworking/Security
    - AFNetworking/Serialization
  - AFNetworking/NSURLSession (2.5.4):
    - AFNetworking/Reachability
    - AFNetworking/Security
    - AFNetworking/Serialization
  - AFNetworking/Reachability (2.5.4)
  - AFNetworking/Security (2.5.4)
  - AFNetworking/Serialization (2.5.4)
  - AFNetworking/UIKit (2.5.4):
    - AFNetworking/NSURLConnection
    - AFNetworking/NSURLSession
  - APParallaxHeader (0.1.6)
  - BLKFlexibleHeightBar (1.0.2)
  - FontAwesomeKit (2.1.8):
    - FontAwesomeKit/Core (= 2.1.8)
    - FontAwesomeKit/FontAwesome (= 2.1.8)
    - FontAwesomeKit/FoundationIcons (= 2.1.8)
    - FontAwesomeKit/IonIcons (= 2.1.8)
    - FontAwesomeKit/Zocial (= 2.1.8)
  - FontAwesomeKit/Core (2.1.8)
  - FontAwesomeKit/FontAwesome (2.1.8):
    - FontAwesomeKit/Core
  - FontAwesomeKit/FoundationIcons (2.1.8):
    - FontAwesomeKit/Core
  - FontAwesomeKit/IonIcons (2.1.8):
    - FontAwesomeKit/Core
  - FontAwesomeKit/Zocial (2.1.8):
    - FontAwesomeKit/Core
  - LBBlurredImage (0.2.2)
  - MBProgressHUD (0.9.1)
  - MJExtension (2.1.1)
  - MJRefresh (2.4.12)
  - MTBBarcodeScanner (1.8.10)
  - RDVTabBarController (1.1.9)
  - SDWebImage (3.7.3):
    - SDWebImage/Core (= 3.7.3)
  - SDWebImage/Core (3.7.3)
  - SWFrameButton (1.2.0)

DEPENDENCIES:
  - AFNetworking (~> 2.5.3)
  - APParallaxHeader
  - BLKFlexibleHeightBar (~> 1.0)
  - FontAwesomeKit (~> 2.1.0)
  - LBBlurredImage
  - MBProgressHUD (~> 0.9.1)
  - MJExtension (~> 2.1.0)
  - MJRefresh (~> 2.4.0)
  - MTBBarcodeScanner (~> 1.8.10)
  - RDVTabBarController
  - SDWebImage (~> 3.7.2)
  - SWFrameButton

SPEC CHECKSUMS:
  AFNetworking: 05edc0ac4c4c8cf57bcf4b84be5b0744b6d8e71e
  APParallaxHeader: 854bc48a2487ca12c702f8a236fec0d89cdac5c3
  BLKFlexibleHeightBar: b27572a69633d8e33f1f2bbc486b04d8e86f742d
  FontAwesomeKit: 64759fb28b5d2e74a1bd81553d7c11ca10e32179
  LBBlurredImage: 700634c17922bc2d22343118e7deb6a3ca12db43
  MBProgressHUD: c47f2c166c126cf2ce36498d80f33e754d4e93ad
  MJExtension: 4b8a628ec7764a4b3c6c0e7261ec0687cf32ff20
  MJRefresh: ca8e9589895977df32d379d46e6b8a5450b3ff44
  MTBBarcodeScanner: 20bdb750b6f7ef34d7fdf6bf7831a69b45a3d08f
  RDVTabBarController: 67794f7a7a37f8e32f046f85ac67d06ab92d624a
  SDWebImage: 1d2b1a1efda1ade1b00b6f8498865f8ddedc8a84
  SWFrameButton: 9d6e46b85d673fc7dc0adc23159cd3448aab0ed6

PODFILE CHECKSUM: 2b3261a5747740cbcba6e0bff437df2603e45602

COCOAPODS: 1.0.0
