// !$*UTF8*$!
{
	archiveVersion = 1;
	classes = {
	};
	objectVersion = 46;
	objects = {

/* Begin PBXBuildFile section */
		4E0554FC1BDCF8DD0034FA2A /* DLLScanBookViewController.m in Sources */ = {isa = PBXBuildFile; fileRef = 4E0554FB1BDCF8DD0034FA2A /* DLLScanBookViewController.m */; };
		4E0C2A861BC13E550035351A /* DLLBookDetailViewController.m in Sources */ = {isa = PBXBuildFile; fileRef = 4E0C2A851BC13E550035351A /* DLLBookDetailViewController.m */; };
		4E0C2A8F1BC140840035351A /* DLLBookDetailView.m in Sources */ = {isa = PBXBuildFile; fileRef = 4E0C2A8E1BC140840035351A /* DLLBookDetailView.m */; };
		4E29D8111BD10B7D001F8CCB /* DLLHomeViewController.m in Sources */ = {isa = PBXBuildFile; fileRef = 4E29D8101BD10B7D001F8CCB /* DLLHomeViewController.m */; };
		4E29D8171BD10BA0001F8CCB /* DLLNavigationController.m in Sources */ = {isa = PBXBuildFile; fileRef = 4E29D8141BD10BA0001F8CCB /* DLLNavigationController.m */; };
		4E29D8181BD10BA0001F8CCB /* DLLTabBarViewController.m in Sources */ = {isa = PBXBuildFile; fileRef = 4E29D8161BD10BA0001F8CCB /* DLLTabBarViewController.m */; };
		4E29D8291BD5E84C001F8CCB /* DLLUserCenterViewController.m in Sources */ = {isa = PBXBuildFile; fileRef = 4E29D8281BD5E84C001F8CCB /* DLLUserCenterViewController.m */; };
		4E5E98A51BA6F4D3002B3687 /* main.m in Sources */ = {isa = PBXBuildFile; fileRef = 4E5E98A41BA6F4D3002B3687 /* main.m */; };
		4E5E98A81BA6F4D3002B3687 /* AppDelegate.m in Sources */ = {isa = PBXBuildFile; fileRef = 4E5E98A71BA6F4D3002B3687 /* AppDelegate.m */; };
		4E5E98AB1BA6F4D3002B3687 /* book_library_ios.xcdatamodeld in Sources */ = {isa = PBXBuildFile; fileRef = 4E5E98A91BA6F4D3002B3687 /* book_library_ios.xcdatamodeld */; };
		4E5E98B11BA6F4D3002B3687 /* Main.storyboard in Resources */ = {isa = PBXBuildFile; fileRef = 4E5E98AF1BA6F4D3002B3687 /* Main.storyboard */; };
		4E5E98B31BA6F4D3002B3687 /* Images.xcassets in Resources */ = {isa = PBXBuildFile; fileRef = 4E5E98B21BA6F4D3002B3687 /* Images.xcassets */; };
		4E5E98B61BA6F4D3002B3687 /* LaunchScreen.xib in Resources */ = {isa = PBXBuildFile; fileRef = 4E5E98B41BA6F4D3002B3687 /* LaunchScreen.xib */; };
		4E5E98C21BA6F4D3002B3687 /* book_library_iosTests.m in Sources */ = {isa = PBXBuildFile; fileRef = 4E5E98C11BA6F4D3002B3687 /* book_library_iosTests.m */; };
		4E6D93261BABC81600A2B0A7 /* DLLBookInfoCollectionViewCell.m in Sources */ = {isa = PBXBuildFile; fileRef = 4E6D93241BABC81600A2B0A7 /* DLLBookInfoCollectionViewCell.m */; };
		4E6D932A1BABCDAB00A2B0A7 /* DLLBook.m in Sources */ = {isa = PBXBuildFile; fileRef = 4E6D93291BABCDAB00A2B0A7 /* DLLBook.m */; };
		4E6F78E81BE51013009172A4 /* DLLCommonTextView.m in Sources */ = {isa = PBXBuildFile; fileRef = 4E6F78E71BE51013009172A4 /* DLLCommonTextView.m */; };
		4E6F78EA1BE51F2F009172A4 /* Empty.xib in Resources */ = {isa = PBXBuildFile; fileRef = 4E6F78E91BE51F2F009172A4 /* Empty.xib */; };
		4E6F78ED1BE5B3A9009172A4 /* DLLTextViewController.m in Sources */ = {isa = PBXBuildFile; fileRef = 4E6F78EC1BE5B3A9009172A4 /* DLLTextViewController.m */; };
		4E6F78F01BE5FF67009172A4 /* DLLScanViewController.m in Sources */ = {isa = PBXBuildFile; fileRef = 4E6F78EF1BE5FF67009172A4 /* DLLScanViewController.m */; };
		4E74C9031BE8695000335EFF /* DLLTabBar.m in Sources */ = {isa = PBXBuildFile; fileRef = 4E74C9021BE8695000335EFF /* DLLTabBar.m */; };
		4E74C9061BE86CAA00335EFF /* DLLTabBarButton.m in Sources */ = {isa = PBXBuildFile; fileRef = 4E74C9051BE86CAA00335EFF /* DLLTabBarButton.m */; };
		4E7B23FA1BB3F13E00A42E62 /* TTHttpTool.m in Sources */ = {isa = PBXBuildFile; fileRef = 4E7B23F91BB3F13E00A42E62 /* TTHttpTool.m */; };
		4E7C63161BF0D2CF00E1341E /* NSDate+Helper.m in Sources */ = {isa = PBXBuildFile; fileRef = 4E7C63141BF0D2CF00E1341E /* NSDate+Helper.m */; };
		4E7C63171BF0D2CF00E1341E /* README.textile in Resources */ = {isa = PBXBuildFile; fileRef = 4E7C63151BF0D2CF00E1341E /* README.textile */; };
		4EA07C0B1BA9816A00829E90 /* DLLListPageViewController.m in Sources */ = {isa = PBXBuildFile; fileRef = 4EA07C0A1BA9816A00829E90 /* DLLListPageViewController.m */; };
		4EA4834F1BF84317004F6E98 /* DLLBookInfoTableViewCell.m in Sources */ = {isa = PBXBuildFile; fileRef = 4EA4834E1BF84317004F6E98 /* DLLBookInfoTableViewCell.m */; };
		4EA483521BF870DA004F6E98 /* DLLSearchResultTableViewController.m in Sources */ = {isa = PBXBuildFile; fileRef = 4EA483511BF870DA004F6E98 /* DLLSearchResultTableViewController.m */; };
		4EA483551BF875F0004F6E98 /* DLLSearchResultTableViewCell.m in Sources */ = {isa = PBXBuildFile; fileRef = 4EA483541BF875F0004F6E98 /* DLLSearchResultTableViewCell.m */; };
		4EA483581BF88F45004F6E98 /* DLLLoginViewController.m in Sources */ = {isa = PBXBuildFile; fileRef = 4EA483571BF88F45004F6E98 /* DLLLoginViewController.m */; };
		4EB82D101BD61ABA00439542 /* DLLUserInfoView.m in Sources */ = {isa = PBXBuildFile; fileRef = 4EB82D0F1BD61ABA00439542 /* DLLUserInfoView.m */; };
		4EB82D141BD61B4600439542 /* DLLUser.m in Sources */ = {isa = PBXBuildFile; fileRef = 4EB82D131BD61B4600439542 /* DLLUser.m */; };
		4EB82D171BD736A300439542 /* DLLBookCoverView.m in Sources */ = {isa = PBXBuildFile; fileRef = 4EB82D161BD736A300439542 /* DLLBookCoverView.m */; };
		4EF2DDE31BDF267B008D2449 /* DLLBookScanDetailView.m in Sources */ = {isa = PBXBuildFile; fileRef = 4EF2DDE21BDF267B008D2449 /* DLLBookScanDetailView.m */; };
		824DAAABC331CAD282B6536D /* libPods.a in Frameworks */ = {isa = PBXBuildFile; fileRef = 06442852704598A8C9E37C54 /* libPods.a */; };
/* End PBXBuildFile section */

/* Begin PBXContainerItemProxy section */
		4E5E98BC1BA6F4D3002B3687 /* PBXContainerItemProxy */ = {
			isa = PBXContainerItemProxy;
			containerPortal = 4E5E98971BA6F4D3002B3687 /* Project object */;
			proxyType = 1;
			remoteGlobalIDString = 4E5E989E1BA6F4D3002B3687;
			remoteInfo = "book-library-ios";
		};
/* End PBXContainerItemProxy section */

/* Begin PBXFileReference section */
		06442852704598A8C9E37C54 /* libPods.a */ = {isa = PBXFileReference; explicitFileType = archive.ar; includeInIndex = 0; path = libPods.a; sourceTree = BUILT_PRODUCTS_DIR; };
		4E0554FA1BDCF8DD0034FA2A /* DLLScanBookViewController.h */ = {isa = PBXFileReference; fileEncoding = 4; lastKnownFileType = sourcecode.c.h; path = DLLScanBookViewController.h; sourceTree = "<group>"; };
		4E0554FB1BDCF8DD0034FA2A /* DLLScanBookViewController.m */ = {isa = PBXFileReference; fileEncoding = 4; lastKnownFileType = sourcecode.c.objc; path = DLLScanBookViewController.m; sourceTree = "<group>"; };
		4E0C2A841BC13E550035351A /* DLLBookDetailViewController.h */ = {isa = PBXFileReference; fileEncoding = 4; lastKnownFileType = sourcecode.c.h; path = DLLBookDetailViewController.h; sourceTree = "<group>"; };
		4E0C2A851BC13E550035351A /* DLLBookDetailViewController.m */ = {isa = PBXFileReference; fileEncoding = 4; lastKnownFileType = sourcecode.c.objc; path = DLLBookDetailViewController.m; sourceTree = "<group>"; };
		4E0C2A8D1BC140840035351A /* DLLBookDetailView.h */ = {isa = PBXFileReference; fileEncoding = 4; lastKnownFileType = sourcecode.c.h; path = DLLBookDetailView.h; sourceTree = "<group>"; };
		4E0C2A8E1BC140840035351A /* DLLBookDetailView.m */ = {isa = PBXFileReference; fileEncoding = 4; lastKnownFileType = sourcecode.c.objc; path = DLLBookDetailView.m; sourceTree = "<group>"; };
		4E29D80F1BD10B7D001F8CCB /* DLLHomeViewController.h */ = {isa = PBXFileReference; fileEncoding = 4; lastKnownFileType = sourcecode.c.h; path = DLLHomeViewController.h; sourceTree = "<group>"; };
		4E29D8101BD10B7D001F8CCB /* DLLHomeViewController.m */ = {isa = PBXFileReference; fileEncoding = 4; lastKnownFileType = sourcecode.c.objc; path = DLLHomeViewController.m; sourceTree = "<group>"; };
		4E29D8131BD10BA0001F8CCB /* DLLNavigationController.h */ = {isa = PBXFileReference; fileEncoding = 4; lastKnownFileType = sourcecode.c.h; path = DLLNavigationController.h; sourceTree = "<group>"; };
		4E29D8141BD10BA0001F8CCB /* DLLNavigationController.m */ = {isa = PBXFileReference; fileEncoding = 4; lastKnownFileType = sourcecode.c.objc; path = DLLNavigationController.m; sourceTree = "<group>"; };
		4E29D8151BD10BA0001F8CCB /* DLLTabBarViewController.h */ = {isa = PBXFileReference; fileEncoding = 4; lastKnownFileType = sourcecode.c.h; path = DLLTabBarViewController.h; sourceTree = "<group>"; };
		4E29D8161BD10BA0001F8CCB /* DLLTabBarViewController.m */ = {isa = PBXFileReference; fileEncoding = 4; lastKnownFileType = sourcecode.c.objc; path = DLLTabBarViewController.m; sourceTree = "<group>"; };
		4E29D8271BD5E84C001F8CCB /* DLLUserCenterViewController.h */ = {isa = PBXFileReference; fileEncoding = 4; lastKnownFileType = sourcecode.c.h; path = DLLUserCenterViewController.h; sourceTree = "<group>"; };
		4E29D8281BD5E84C001F8CCB /* DLLUserCenterViewController.m */ = {isa = PBXFileReference; fileEncoding = 4; lastKnownFileType = sourcecode.c.objc; path = DLLUserCenterViewController.m; sourceTree = "<group>"; };
		4E5E989F1BA6F4D3002B3687 /* book-library-ios.app */ = {isa = PBXFileReference; explicitFileType = wrapper.application; includeInIndex = 0; path = "book-library-ios.app"; sourceTree = BUILT_PRODUCTS_DIR; };
		4E5E98A31BA6F4D3002B3687 /* Info.plist */ = {isa = PBXFileReference; lastKnownFileType = text.plist.xml; path = Info.plist; sourceTree = "<group>"; };
		4E5E98A41BA6F4D3002B3687 /* main.m */ = {isa = PBXFileReference; lastKnownFileType = sourcecode.c.objc; path = main.m; sourceTree = "<group>"; };
		4E5E98A61BA6F4D3002B3687 /* AppDelegate.h */ = {isa = PBXFileReference; lastKnownFileType = sourcecode.c.h; path = AppDelegate.h; sourceTree = "<group>"; };
		4E5E98A71BA6F4D3002B3687 /* AppDelegate.m */ = {isa = PBXFileReference; lastKnownFileType = sourcecode.c.objc; path = AppDelegate.m; sourceTree = "<group>"; };
		4E5E98AA1BA6F4D3002B3687 /* book_library_ios.xcdatamodel */ = {isa = PBXFileReference; lastKnownFileType = wrapper.xcdatamodel; path = book_library_ios.xcdatamodel; sourceTree = "<group>"; };
		4E5E98B01BA6F4D3002B3687 /* Base */ = {isa = PBXFileReference; lastKnownFileType = file.storyboard; name = Base; path = Base.lproj/Main.storyboard; sourceTree = "<group>"; };
		4E5E98B21BA6F4D3002B3687 /* Images.xcassets */ = {isa = PBXFileReference; lastKnownFileType = folder.assetcatalog; path = Images.xcassets; sourceTree = "<group>"; };
		4E5E98B51BA6F4D3002B3687 /* Base */ = {isa = PBXFileReference; lastKnownFileType = file.xib; name = Base; path = Base.lproj/LaunchScreen.xib; sourceTree = "<group>"; };
		4E5E98BB1BA6F4D3002B3687 /* book-library-iosTests.xctest */ = {isa = PBXFileReference; explicitFileType = wrapper.cfbundle; includeInIndex = 0; path = "book-library-iosTests.xctest"; sourceTree = BUILT_PRODUCTS_DIR; };
		4E5E98C01BA6F4D3002B3687 /* Info.plist */ = {isa = PBXFileReference; lastKnownFileType = text.plist.xml; path = Info.plist; sourceTree = "<group>"; };
		4E5E98C11BA6F4D3002B3687 /* book_library_iosTests.m */ = {isa = PBXFileReference; lastKnownFileType = sourcecode.c.objc; path = book_library_iosTests.m; sourceTree = "<group>"; };
		4E6D93231BABC81600A2B0A7 /* DLLBookInfoCollectionViewCell.h */ = {isa = PBXFileReference; fileEncoding = 4; lastKnownFileType = sourcecode.c.h; path = DLLBookInfoCollectionViewCell.h; sourceTree = "<group>"; };
		4E6D93241BABC81600A2B0A7 /* DLLBookInfoCollectionViewCell.m */ = {isa = PBXFileReference; fileEncoding = 4; lastKnownFileType = sourcecode.c.objc; path = DLLBookInfoCollectionViewCell.m; sourceTree = "<group>"; };
		4E6D93281BABCDAB00A2B0A7 /* DLLBook.h */ = {isa = PBXFileReference; fileEncoding = 4; lastKnownFileType = sourcecode.c.h; path = DLLBook.h; sourceTree = "<group>"; };
		4E6D93291BABCDAB00A2B0A7 /* DLLBook.m */ = {isa = PBXFileReference; fileEncoding = 4; lastKnownFileType = sourcecode.c.objc; path = DLLBook.m; sourceTree = "<group>"; };
		4E6F78E61BE51013009172A4 /* DLLCommonTextView.h */ = {isa = PBXFileReference; fileEncoding = 4; lastKnownFileType = sourcecode.c.h; path = DLLCommonTextView.h; sourceTree = "<group>"; };
		4E6F78E71BE51013009172A4 /* DLLCommonTextView.m */ = {isa = PBXFileReference; fileEncoding = 4; lastKnownFileType = sourcecode.c.objc; path = DLLCommonTextView.m; sourceTree = "<group>"; };
		4E6F78E91BE51F2F009172A4 /* Empty.xib */ = {isa = PBXFileReference; fileEncoding = 4; lastKnownFileType = file.xib; path = Empty.xib; sourceTree = "<group>"; };
		4E6F78EB1BE5B3A9009172A4 /* DLLTextViewController.h */ = {isa = PBXFileReference; fileEncoding = 4; lastKnownFileType = sourcecode.c.h; path = DLLTextViewController.h; sourceTree = "<group>"; };
		4E6F78EC1BE5B3A9009172A4 /* DLLTextViewController.m */ = {isa = PBXFileReference; fileEncoding = 4; lastKnownFileType = sourcecode.c.objc; path = DLLTextViewController.m; sourceTree = "<group>"; };
		4E6F78EE1BE5FF67009172A4 /* DLLScanViewController.h */ = {isa = PBXFileReference; fileEncoding = 4; lastKnownFileType = sourcecode.c.h; path = DLLScanViewController.h; sourceTree = "<group>"; };
		4E6F78EF1BE5FF67009172A4 /* DLLScanViewController.m */ = {isa = PBXFileReference; fileEncoding = 4; lastKnownFileType = sourcecode.c.objc; path = DLLScanViewController.m; sourceTree = "<group>"; };
		4E74C9011BE8695000335EFF /* DLLTabBar.h */ = {isa = PBXFileReference; fileEncoding = 4; lastKnownFileType = sourcecode.c.h; path = DLLTabBar.h; sourceTree = "<group>"; };
		4E74C9021BE8695000335EFF /* DLLTabBar.m */ = {isa = PBXFileReference; fileEncoding = 4; lastKnownFileType = sourcecode.c.objc; path = DLLTabBar.m; sourceTree = "<group>"; };
		4E74C9041BE86CAA00335EFF /* DLLTabBarButton.h */ = {isa = PBXFileReference; fileEncoding = 4; lastKnownFileType = sourcecode.c.h; path = DLLTabBarButton.h; sourceTree = "<group>"; };
		4E74C9051BE86CAA00335EFF /* DLLTabBarButton.m */ = {isa = PBXFileReference; fileEncoding = 4; lastKnownFileType = sourcecode.c.objc; path = DLLTabBarButton.m; sourceTree = "<group>"; };
		4E7B23F81BB3F13E00A42E62 /* TTHttpTool.h */ = {isa = PBXFileReference; fileEncoding = 4; lastKnownFileType = sourcecode.c.h; path = TTHttpTool.h; sourceTree = "<group>"; };
		4E7B23F91BB3F13E00A42E62 /* TTHttpTool.m */ = {isa = PBXFileReference; fileEncoding = 4; lastKnownFileType = sourcecode.c.objc; path = TTHttpTool.m; sourceTree = "<group>"; };
		4E7C63131BF0D2CF00E1341E /* NSDate+Helper.h */ = {isa = PBXFileReference; fileEncoding = 4; lastKnownFileType = sourcecode.c.h; path = "NSDate+Helper.h"; sourceTree = "<group>"; };
		4E7C63141BF0D2CF00E1341E /* NSDate+Helper.m */ = {isa = PBXFileReference; fileEncoding = 4; lastKnownFileType = sourcecode.c.objc; path = "NSDate+Helper.m"; sourceTree = "<group>"; };
		4E7C63151BF0D2CF00E1341E /* README.textile */ = {isa = PBXFileReference; fileEncoding = 4; lastKnownFileType = text; path = README.textile; sourceTree = "<group>"; };
		4EA07C091BA9816A00829E90 /* DLLListPageViewController.h */ = {isa = PBXFileReference; fileEncoding = 4; lastKnownFileType = sourcecode.c.h; path = DLLListPageViewController.h; sourceTree = "<group>"; };
		4EA07C0A1BA9816A00829E90 /* DLLListPageViewController.m */ = {isa = PBXFileReference; fileEncoding = 4; lastKnownFileType = sourcecode.c.objc; path = DLLListPageViewController.m; sourceTree = "<group>"; };
		4EA4834D1BF84317004F6E98 /* DLLBookInfoTableViewCell.h */ = {isa = PBXFileReference; fileEncoding = 4; lastKnownFileType = sourcecode.c.h; path = DLLBookInfoTableViewCell.h; sourceTree = "<group>"; };
		4EA4834E1BF84317004F6E98 /* DLLBookInfoTableViewCell.m */ = {isa = PBXFileReference; fileEncoding = 4; lastKnownFileType = sourcecode.c.objc; path = DLLBookInfoTableViewCell.m; sourceTree = "<group>"; };
		4EA483501BF870DA004F6E98 /* DLLSearchResultTableViewController.h */ = {isa = PBXFileReference; fileEncoding = 4; lastKnownFileType = sourcecode.c.h; path = DLLSearchResultTableViewController.h; sourceTree = "<group>"; };
		4EA483511BF870DA004F6E98 /* DLLSearchResultTableViewController.m */ = {isa = PBXFileReference; fileEncoding = 4; lastKnownFileType = sourcecode.c.objc; path = DLLSearchResultTableViewController.m; sourceTree = "<group>"; };
		4EA483531BF875F0004F6E98 /* DLLSearchResultTableViewCell.h */ = {isa = PBXFileReference; fileEncoding = 4; lastKnownFileType = sourcecode.c.h; path = DLLSearchResultTableViewCell.h; sourceTree = "<group>"; };
		4EA483541BF875F0004F6E98 /* DLLSearchResultTableViewCell.m */ = {isa = PBXFileReference; fileEncoding = 4; lastKnownFileType = sourcecode.c.objc; path = DLLSearchResultTableViewCell.m; sourceTree = "<group>"; };
		4EA483561BF88F45004F6E98 /* DLLLoginViewController.h */ = {isa = PBXFileReference; fileEncoding = 4; lastKnownFileType = sourcecode.c.h; path = DLLLoginViewController.h; sourceTree = "<group>"; };
		4EA483571BF88F45004F6E98 /* DLLLoginViewController.m */ = {isa = PBXFileReference; fileEncoding = 4; lastKnownFileType = sourcecode.c.objc; path = DLLLoginViewController.m; sourceTree = "<group>"; };
		4EB82D0E1BD61ABA00439542 /* DLLUserInfoView.h */ = {isa = PBXFileReference; fileEncoding = 4; lastKnownFileType = sourcecode.c.h; path = DLLUserInfoView.h; sourceTree = "<group>"; };
		4EB82D0F1BD61ABA00439542 /* DLLUserInfoView.m */ = {isa = PBXFileReference; fileEncoding = 4; lastKnownFileType = sourcecode.c.objc; path = DLLUserInfoView.m; sourceTree = "<group>"; };
		4EB82D121BD61B4600439542 /* DLLUser.h */ = {isa = PBXFileReference; fileEncoding = 4; lastKnownFileType = sourcecode.c.h; path = DLLUser.h; sourceTree = "<group>"; };
		4EB82D131BD61B4600439542 /* DLLUser.m */ = {isa = PBXFileReference; fileEncoding = 4; lastKnownFileType = sourcecode.c.objc; path = DLLUser.m; sourceTree = "<group>"; };
		4EB82D151BD736A300439542 /* DLLBookCoverView.h */ = {isa = PBXFileReference; fileEncoding = 4; lastKnownFileType = sourcecode.c.h; path = DLLBookCoverView.h; sourceTree = "<group>"; };
		4EB82D161BD736A300439542 /* DLLBookCoverView.m */ = {isa = PBXFileReference; fileEncoding = 4; lastKnownFileType = sourcecode.c.objc; path = DLLBookCoverView.m; sourceTree = "<group>"; };
		4EF2DDE11BDF267B008D2449 /* DLLBookScanDetailView.h */ = {isa = PBXFileReference; fileEncoding = 4; lastKnownFileType = sourcecode.c.h; path = DLLBookScanDetailView.h; sourceTree = "<group>"; };
		4EF2DDE21BDF267B008D2449 /* DLLBookScanDetailView.m */ = {isa = PBXFileReference; fileEncoding = 4; lastKnownFileType = sourcecode.c.objc; path = DLLBookScanDetailView.m; sourceTree = "<group>"; };
		572A2494058AAE7CAF8C030B /* Pods.release.xcconfig */ = {isa = PBXFileReference; includeInIndex = 1; lastKnownFileType = text.xcconfig; name = Pods.release.xcconfig; path = "Pods/Target Support Files/Pods/Pods.release.xcconfig"; sourceTree = "<group>"; };
		66AD8D393F6412F646D4C96B /* Pods.debug.xcconfig */ = {isa = PBXFileReference; includeInIndex = 1; lastKnownFileType = text.xcconfig; name = Pods.debug.xcconfig; path = "Pods/Target Support Files/Pods/Pods.debug.xcconfig"; sourceTree = "<group>"; };
/* End PBXFileReference section */

/* Begin PBXFrameworksBuildPhase section */
		4E5E989C1BA6F4D3002B3687 /* Frameworks */ = {
			isa = PBXFrameworksBuildPhase;
			buildActionMask = 2147483647;
			files = (
				824DAAABC331CAD282B6536D /* libPods.a in Frameworks */,
			);
			runOnlyForDeploymentPostprocessing = 0;
		};
		4E5E98B81BA6F4D3002B3687 /* Frameworks */ = {
			isa = PBXFrameworksBuildPhase;
			buildActionMask = 2147483647;
			files = (
			);
			runOnlyForDeploymentPostprocessing = 0;
		};
/* End PBXFrameworksBuildPhase section */

/* Begin PBXGroup section */
		4720DCEE802199B0BDEF3312 /* Frameworks */ = {
			isa = PBXGroup;
			children = (
				06442852704598A8C9E37C54 /* libPods.a */,
			);
			name = Frameworks;
			sourceTree = "<group>";
		};
		4E0554F81BDCF86C0034FA2A /* scan */ = {
			isa = PBXGroup;
			children = (
				4EF2DDE01BDF266A008D2449 /* View */,
				4E0554F91BDCF86C0034FA2A /* Controller */,
			);
			path = scan;
			sourceTree = "<group>";
		};
		4E0554F91BDCF86C0034FA2A /* Controller */ = {
			isa = PBXGroup;
			children = (
				4E0554FA1BDCF8DD0034FA2A /* DLLScanBookViewController.h */,
				4E0554FB1BDCF8DD0034FA2A /* DLLScanBookViewController.m */,
				4E6F78EE1BE5FF67009172A4 /* DLLScanViewController.h */,
				4E6F78EF1BE5FF67009172A4 /* DLLScanViewController.m */,
			);
			path = Controller;
			sourceTree = "<group>";
		};
		4E0C2A781BC13BDD0035351A /* Detail */ = {
			isa = PBXGroup;
			children = (
				4E0C2A791BC13BDD0035351A /* Controller */,
				4E0C2A7A1BC13BDD0035351A /* Model */,
				4E0C2A7B1BC13BDD0035351A /* View */,
			);
			path = Detail;
			sourceTree = "<group>";
		};
		4E0C2A791BC13BDD0035351A /* Controller */ = {
			isa = PBXGroup;
			children = (
				4E0C2A841BC13E550035351A /* DLLBookDetailViewController.h */,
				4E0C2A851BC13E550035351A /* DLLBookDetailViewController.m */,
				4E6F78EB1BE5B3A9009172A4 /* DLLTextViewController.h */,
				4E6F78EC1BE5B3A9009172A4 /* DLLTextViewController.m */,
			);
			path = Controller;
			sourceTree = "<group>";
		};
		4E0C2A7A1BC13BDD0035351A /* Model */ = {
			isa = PBXGroup;
			children = (
			);
			path = Model;
			sourceTree = "<group>";
		};
		4E0C2A7B1BC13BDD0035351A /* View */ = {
			isa = PBXGroup;
			children = (
				4E0C2A8D1BC140840035351A /* DLLBookDetailView.h */,
				4E0C2A8E1BC140840035351A /* DLLBookDetailView.m */,
				4EB82D151BD736A300439542 /* DLLBookCoverView.h */,
				4EB82D161BD736A300439542 /* DLLBookCoverView.m */,
				4E6F78E61BE51013009172A4 /* DLLCommonTextView.h */,
				4E6F78E71BE51013009172A4 /* DLLCommonTextView.m */,
				4E6F78E91BE51F2F009172A4 /* Empty.xib */,
			);
			path = View;
			sourceTree = "<group>";
		};
		4E29D8121BD10BA0001F8CCB /* root */ = {
			isa = PBXGroup;
			children = (
				4E29D8131BD10BA0001F8CCB /* DLLNavigationController.h */,
				4E29D8141BD10BA0001F8CCB /* DLLNavigationController.m */,
				4E29D8151BD10BA0001F8CCB /* DLLTabBarViewController.h */,
				4E29D8161BD10BA0001F8CCB /* DLLTabBarViewController.m */,
				4E74C9011BE8695000335EFF /* DLLTabBar.h */,
				4E74C9021BE8695000335EFF /* DLLTabBar.m */,
				4E74C9041BE86CAA00335EFF /* DLLTabBarButton.h */,
				4E74C9051BE86CAA00335EFF /* DLLTabBarButton.m */,
			);
			path = root;
			sourceTree = "<group>";
		};
		4E29D8211BD5E7C3001F8CCB /* user */ = {
			isa = PBXGroup;
			children = (
				4E29D8221BD5E7C3001F8CCB /* Controller */,
				4EB82D111BD61AF900439542 /* Model */,
				4E29D8231BD5E7C3001F8CCB /* View */,
			);
			path = user;
			sourceTree = "<group>";
		};
		4E29D8221BD5E7C3001F8CCB /* Controller */ = {
			isa = PBXGroup;
			children = (
				4E29D8271BD5E84C001F8CCB /* DLLUserCenterViewController.h */,
				4E29D8281BD5E84C001F8CCB /* DLLUserCenterViewController.m */,
				4EA483561BF88F45004F6E98 /* DLLLoginViewController.h */,
				4EA483571BF88F45004F6E98 /* DLLLoginViewController.m */,
			);
			path = Controller;
			sourceTree = "<group>";
		};
		4E29D8231BD5E7C3001F8CCB /* View */ = {
			isa = PBXGroup;
			children = (
				4EB82D0E1BD61ABA00439542 /* DLLUserInfoView.h */,
				4EB82D0F1BD61ABA00439542 /* DLLUserInfoView.m */,
			);
			path = View;
			sourceTree = "<group>";
		};
		4E5E98961BA6F4D3002B3687 = {
			isa = PBXGroup;
			children = (
				4E5E98A11BA6F4D3002B3687 /* book-library-ios */,
				4E5E98BE1BA6F4D3002B3687 /* book-library-iosTests */,
				4E5E98A01BA6F4D3002B3687 /* Products */,
				D022DB5FE809853FC8AF7BA1 /* Pods */,
				4720DCEE802199B0BDEF3312 /* Frameworks */,
			);
			sourceTree = "<group>";
		};
		4E5E98A01BA6F4D3002B3687 /* Products */ = {
			isa = PBXGroup;
			children = (
				4E5E989F1BA6F4D3002B3687 /* book-library-ios.app */,
				4E5E98BB1BA6F4D3002B3687 /* book-library-iosTests.xctest */,
			);
			name = Products;
			sourceTree = "<group>";
		};
		4E5E98A11BA6F4D3002B3687 /* book-library-ios */ = {
			isa = PBXGroup;
			children = (
				4EA07BE81BA9741400829E90 /* Classes */,
				4E5E98A21BA6F4D3002B3687 /* Supporting Files */,
			);
			path = "book-library-ios";
			sourceTree = "<group>";
		};
		4E5E98A21BA6F4D3002B3687 /* Supporting Files */ = {
			isa = PBXGroup;
			children = (
				4E5E98A91BA6F4D3002B3687 /* book_library_ios.xcdatamodeld */,
				4E5E98AF1BA6F4D3002B3687 /* Main.storyboard */,
				4E5E98B41BA6F4D3002B3687 /* LaunchScreen.xib */,
				4E5E98B21BA6F4D3002B3687 /* Images.xcassets */,
				4E5E98A61BA6F4D3002B3687 /* AppDelegate.h */,
				4E5E98A71BA6F4D3002B3687 /* AppDelegate.m */,
				4E5E98A31BA6F4D3002B3687 /* Info.plist */,
				4E5E98A41BA6F4D3002B3687 /* main.m */,
			);
			name = "Supporting Files";
			sourceTree = "<group>";
		};
		4E5E98BE1BA6F4D3002B3687 /* book-library-iosTests */ = {
			isa = PBXGroup;
			children = (
				4E5E98C11BA6F4D3002B3687 /* book_library_iosTests.m */,
				4E5E98BF1BA6F4D3002B3687 /* Supporting Files */,
			);
			path = "book-library-iosTests";
			sourceTree = "<group>";
		};
		4E5E98BF1BA6F4D3002B3687 /* Supporting Files */ = {
			isa = PBXGroup;
			children = (
				4E5E98C01BA6F4D3002B3687 /* Info.plist */,
			);
			name = "Supporting Files";
			sourceTree = "<group>";
		};
		4E6D931B1BABB5B700A2B0A7 /* commons */ = {
			isa = PBXGroup;
			children = (
				4E7C63121BF0D2CF00E1341E /* NSDate+Helper */,
				4E7B23F71BB3F11F00A42E62 /* tool */,
			);
			path = commons;
			sourceTree = "<group>";
		};
		4E7B23F71BB3F11F00A42E62 /* tool */ = {
			isa = PBXGroup;
			children = (
				4E7B23F81BB3F13E00A42E62 /* TTHttpTool.h */,
				4E7B23F91BB3F13E00A42E62 /* TTHttpTool.m */,
			);
			path = tool;
			sourceTree = "<group>";
		};
		4E7C60D11BEE2CCB00E1341E /* search */ = {
			isa = PBXGroup;
			children = (
				4E7C60D21BEE2CCB00E1341E /* Controller */,
				4E7C60D31BEE2CCB00E1341E /* View */,
			);
			path = search;
			sourceTree = "<group>";
		};
		4E7C60D21BEE2CCB00E1341E /* Controller */ = {
			isa = PBXGroup;
			children = (
				4EA483501BF870DA004F6E98 /* DLLSearchResultTableViewController.h */,
				4EA483511BF870DA004F6E98 /* DLLSearchResultTableViewController.m */,
			);
			path = Controller;
			sourceTree = "<group>";
		};
		4E7C60D31BEE2CCB00E1341E /* View */ = {
			isa = PBXGroup;
			children = (
				4EA483531BF875F0004F6E98 /* DLLSearchResultTableViewCell.h */,
				4EA483541BF875F0004F6E98 /* DLLSearchResultTableViewCell.m */,
			);
			path = View;
			sourceTree = "<group>";
		};
		4E7C63121BF0D2CF00E1341E /* NSDate+Helper */ = {
			isa = PBXGroup;
			children = (
				4E7C63131BF0D2CF00E1341E /* NSDate+Helper.h */,
				4E7C63141BF0D2CF00E1341E /* NSDate+Helper.m */,
				4E7C63151BF0D2CF00E1341E /* README.textile */,
			);
			path = "NSDate+Helper";
			sourceTree = "<group>";
		};
		4EA07BE81BA9741400829E90 /* Classes */ = {
			isa = PBXGroup;
			children = (
				4E7C60D11BEE2CCB00E1341E /* search */,
				4E0554F81BDCF86C0034FA2A /* scan */,
				4E29D8211BD5E7C3001F8CCB /* user */,
				4E29D8121BD10BA0001F8CCB /* root */,
				4E0C2A781BC13BDD0035351A /* Detail */,
				4E6D931B1BABB5B700A2B0A7 /* commons */,
				4EA07C041BA9813100829E90 /* list */,
				4EA07BE91BA9741400829E90 /* Disc(发现) */,
				4EA07BEE1BA9741400829E90 /* Home */,
			);
			path = Classes;
			sourceTree = "<group>";
		};
		4EA07BE91BA9741400829E90 /* Disc(发现) */ = {
			isa = PBXGroup;
			children = (
				4EA07BEA1BA9741400829E90 /* Controller */,
				4EA07BEB1BA9741400829E90 /* Model */,
				4EA07BEC1BA9741400829E90 /* Other */,
				4EA07BED1BA9741400829E90 /* View */,
			);
			name = "Disc(发现)";
			path = Disc;
			sourceTree = "<group>";
		};
		4EA07BEA1BA9741400829E90 /* Controller */ = {
			isa = PBXGroup;
			children = (
			);
			path = Controller;
			sourceTree = "<group>";
		};
		4EA07BEB1BA9741400829E90 /* Model */ = {
			isa = PBXGroup;
			children = (
			);
			path = Model;
			sourceTree = "<group>";
		};
		4EA07BEC1BA9741400829E90 /* Other */ = {
			isa = PBXGroup;
			children = (
			);
			path = Other;
			sourceTree = "<group>";
		};
		4EA07BED1BA9741400829E90 /* View */ = {
			isa = PBXGroup;
			children = (
			);
			path = View;
			sourceTree = "<group>";
		};
		4EA07BEE1BA9741400829E90 /* Home */ = {
			isa = PBXGroup;
			children = (
				4EA07BEF1BA9741400829E90 /* Controller */,
				4EA07BF01BA9741400829E90 /* Model */,
				4EA07BF11BA9741400829E90 /* Other */,
				4EA07BF21BA9741400829E90 /* View */,
			);
			path = Home;
			sourceTree = "<group>";
		};
		4EA07BEF1BA9741400829E90 /* Controller */ = {
			isa = PBXGroup;
			children = (
				4E29D80F1BD10B7D001F8CCB /* DLLHomeViewController.h */,
				4E29D8101BD10B7D001F8CCB /* DLLHomeViewController.m */,
			);
			path = Controller;
			sourceTree = "<group>";
		};
		4EA07BF01BA9741400829E90 /* Model */ = {
			isa = PBXGroup;
			children = (
				4E6D93281BABCDAB00A2B0A7 /* DLLBook.h */,
				4E6D93291BABCDAB00A2B0A7 /* DLLBook.m */,
			);
			path = Model;
			sourceTree = "<group>";
		};
		4EA07BF11BA9741400829E90 /* Other */ = {
			isa = PBXGroup;
			children = (
			);
			path = Other;
			sourceTree = "<group>";
		};
		4EA07BF21BA9741400829E90 /* View */ = {
			isa = PBXGroup;
			children = (
				4E6D93231BABC81600A2B0A7 /* DLLBookInfoCollectionViewCell.h */,
				4E6D93241BABC81600A2B0A7 /* DLLBookInfoCollectionViewCell.m */,
				4EA4834D1BF84317004F6E98 /* DLLBookInfoTableViewCell.h */,
				4EA4834E1BF84317004F6E98 /* DLLBookInfoTableViewCell.m */,
			);
			path = View;
			sourceTree = "<group>";
		};
		4EA07C041BA9813100829E90 /* list */ = {
			isa = PBXGroup;
			children = (
				4EA07C051BA9813100829E90 /* Controller */,
				4EA07C061BA9813100829E90 /* Model */,
				4EA07C071BA9813100829E90 /* Other */,
				4EA07C081BA9813100829E90 /* View */,
			);
			path = list;
			sourceTree = "<group>";
		};
		4EA07C051BA9813100829E90 /* Controller */ = {
			isa = PBXGroup;
			children = (
				4EA07C091BA9816A00829E90 /* DLLListPageViewController.h */,
				4EA07C0A1BA9816A00829E90 /* DLLListPageViewController.m */,
			);
			path = Controller;
			sourceTree = "<group>";
		};
		4EA07C061BA9813100829E90 /* Model */ = {
			isa = PBXGroup;
			children = (
			);
			path = Model;
			sourceTree = "<group>";
		};
		4EA07C071BA9813100829E90 /* Other */ = {
			isa = PBXGroup;
			children = (
			);
			path = Other;
			sourceTree = "<group>";
		};
		4EA07C081BA9813100829E90 /* View */ = {
			isa = PBXGroup;
			children = (
			);
			path = View;
			sourceTree = "<group>";
		};
		4EB82D111BD61AF900439542 /* Model */ = {
			isa = PBXGroup;
			children = (
				4EB82D121BD61B4600439542 /* DLLUser.h */,
				4EB82D131BD61B4600439542 /* DLLUser.m */,
			);
			path = Model;
			sourceTree = "<group>";
		};
		4EF2DDE01BDF266A008D2449 /* View */ = {
			isa = PBXGroup;
			children = (
				4EF2DDE11BDF267B008D2449 /* DLLBookScanDetailView.h */,
				4EF2DDE21BDF267B008D2449 /* DLLBookScanDetailView.m */,
			);
			path = View;
			sourceTree = "<group>";
		};
		D022DB5FE809853FC8AF7BA1 /* Pods */ = {
			isa = PBXGroup;
			children = (
				66AD8D393F6412F646D4C96B /* Pods.debug.xcconfig */,
				572A2494058AAE7CAF8C030B /* Pods.release.xcconfig */,
			);
			name = Pods;
			sourceTree = "<group>";
		};
/* End PBXGroup section */

/* Begin PBXNativeTarget section */
		4E5E989E1BA6F4D3002B3687 /* book-library-ios */ = {
			isa = PBXNativeTarget;
			buildConfigurationList = 4E5E98C51BA6F4D3002B3687 /* Build configuration list for PBXNativeTarget "book-library-ios" */;
			buildPhases = (
				F911A923DEF86B69971C9D5F /* Check Pods Manifest.lock */,
				4E5E989B1BA6F4D3002B3687 /* Sources */,
				4E5E989C1BA6F4D3002B3687 /* Frameworks */,
				4E5E989D1BA6F4D3002B3687 /* Resources */,
				847CABAFC448429026C3F4D1 /* Copy Pods Resources */,
			);
			buildRules = (
			);
			dependencies = (
			);
			name = "book-library-ios";
			productName = "book-library-ios";
			productReference = 4E5E989F1BA6F4D3002B3687 /* book-library-ios.app */;
			productType = "com.apple.product-type.application";
		};
		4E5E98BA1BA6F4D3002B3687 /* book-library-iosTests */ = {
			isa = PBXNativeTarget;
			buildConfigurationList = 4E5E98C81BA6F4D3002B3687 /* Build configuration list for PBXNativeTarget "book-library-iosTests" */;
			buildPhases = (
				4E5E98B71BA6F4D3002B3687 /* Sources */,
				4E5E98B81BA6F4D3002B3687 /* Frameworks */,
				4E5E98B91BA6F4D3002B3687 /* Resources */,
			);
			buildRules = (
			);
			dependencies = (
				4E5E98BD1BA6F4D3002B3687 /* PBXTargetDependency */,
			);
			name = "book-library-iosTests";
			productName = "book-library-iosTests";
			productReference = 4E5E98BB1BA6F4D3002B3687 /* book-library-iosTests.xctest */;
			productType = "com.apple.product-type.bundle.unit-test";
		};
/* End PBXNativeTarget section */

/* Begin PBXProject section */
		4E5E98971BA6F4D3002B3687 /* Project object */ = {
			isa = PBXProject;
			attributes = {
				CLASSPREFIX = DLL;
				LastUpgradeCheck = 0640;
				ORGANIZATIONNAME = dll;
				TargetAttributes = {
					4E5E989E1BA6F4D3002B3687 = {
						CreatedOnToolsVersion = 6.4;
					};
					4E5E98BA1BA6F4D3002B3687 = {
						CreatedOnToolsVersion = 6.4;
						TestTargetID = 4E5E989E1BA6F4D3002B3687;
					};
				};
			};
			buildConfigurationList = 4E5E989A1BA6F4D3002B3687 /* Build configuration list for PBXProject "book-library-ios" */;
			compatibilityVersion = "Xcode 3.2";
			developmentRegion = English;
			hasScannedForEncodings = 0;
			knownRegions = (
				en,
				Base,
			);
			mainGroup = 4E5E98961BA6F4D3002B3687;
			productRefGroup = 4E5E98A01BA6F4D3002B3687 /* Products */;
			projectDirPath = "";
			projectRoot = "";
			targets = (
				4E5E989E1BA6F4D3002B3687 /* book-library-ios */,
				4E5E98BA1BA6F4D3002B3687 /* book-library-iosTests */,
			);
		};
/* End PBXProject section */

/* Begin PBXResourcesBuildPhase section */
		4E5E989D1BA6F4D3002B3687 /* Resources */ = {
			isa = PBXResourcesBuildPhase;
			buildActionMask = 2147483647;
			files = (
				4E5E98B11BA6F4D3002B3687 /* Main.storyboard in Resources */,
				4E6F78EA1BE51F2F009172A4 /* Empty.xib in Resources */,
				4E7C63171BF0D2CF00E1341E /* README.textile in Resources */,
				4E5E98B61BA6F4D3002B3687 /* LaunchScreen.xib in Resources */,
				4E5E98B31BA6F4D3002B3687 /* Images.xcassets in Resources */,
			);
			runOnlyForDeploymentPostprocessing = 0;
		};
		4E5E98B91BA6F4D3002B3687 /* Resources */ = {
			isa = PBXResourcesBuildPhase;
			buildActionMask = 2147483647;
			files = (
			);
			runOnlyForDeploymentPostprocessing = 0;
		};
/* End PBXResourcesBuildPhase section */

/* Begin PBXShellScriptBuildPhase section */
		847CABAFC448429026C3F4D1 /* Copy Pods Resources */ = {
			isa = PBXShellScriptBuildPhase;
			buildActionMask = 2147483647;
			files = (
			);
			inputPaths = (
			);
			name = "Copy Pods Resources";
			outputPaths = (
			);
			runOnlyForDeploymentPostprocessing = 0;
			shellPath = /bin/sh;
			shellScript = "\"${SRCROOT}/Pods/Target Support Files/Pods/Pods-resources.sh\"\n";
			showEnvVarsInLog = 0;
		};
		F911A923DEF86B69971C9D5F /* Check Pods Manifest.lock */ = {
			isa = PBXShellScriptBuildPhase;
			buildActionMask = 2147483647;
			files = (
			);
			inputPaths = (
			);
			name = "Check Pods Manifest.lock";
			outputPaths = (
			);
			runOnlyForDeploymentPostprocessing = 0;
			shellPath = /bin/sh;
			shellScript = "diff \"${PODS_ROOT}/../Podfile.lock\" \"${PODS_ROOT}/Manifest.lock\" > /dev/null\nif [[ $? != 0 ]] ; then\n    cat << EOM\nerror: The sandbox is not in sync with the Podfile.lock. Run 'pod install' or update your CocoaPods installation.\nEOM\n    exit 1\nfi\n";
			showEnvVarsInLog = 0;
		};
/* End PBXShellScriptBuildPhase section */

/* Begin PBXSourcesBuildPhase section */
		4E5E989B1BA6F4D3002B3687 /* Sources */ = {
			isa = PBXSourcesBuildPhase;
			buildActionMask = 2147483647;
			files = (
				4EB82D101BD61ABA00439542 /* DLLUserInfoView.m in Sources */,
				4EA07C0B1BA9816A00829E90 /* DLLListPageViewController.m in Sources */,
				4E0C2A8F1BC140840035351A /* DLLBookDetailView.m in Sources */,
				4EB82D141BD61B4600439542 /* DLLUser.m in Sources */,
				4EF2DDE31BDF267B008D2449 /* DLLBookScanDetailView.m in Sources */,
				4E5E98A81BA6F4D3002B3687 /* AppDelegate.m in Sources */,
				4E6F78E81BE51013009172A4 /* DLLCommonTextView.m in Sources */,
				4E29D8291BD5E84C001F8CCB /* DLLUserCenterViewController.m in Sources */,
				4E29D8181BD10BA0001F8CCB /* DLLTabBarViewController.m in Sources */,
				4E74C9061BE86CAA00335EFF /* DLLTabBarButton.m in Sources */,
				4E6D932A1BABCDAB00A2B0A7 /* DLLBook.m in Sources */,
				4E6F78F01BE5FF67009172A4 /* DLLScanViewController.m in Sources */,
				4E7C63161BF0D2CF00E1341E /* NSDate+Helper.m in Sources */,
				4EA4834F1BF84317004F6E98 /* DLLBookInfoTableViewCell.m in Sources */,
				4E0554FC1BDCF8DD0034FA2A /* DLLScanBookViewController.m in Sources */,
				4E5E98AB1BA6F4D3002B3687 /* book_library_ios.xcdatamodeld in Sources */,
				4E7B23FA1BB3F13E00A42E62 /* TTHttpTool.m in Sources */,
				4E0C2A861BC13E550035351A /* DLLBookDetailViewController.m in Sources */,
				4E6F78ED1BE5B3A9009172A4 /* DLLTextViewController.m in Sources */,
				4EA483521BF870DA004F6E98 /* DLLSearchResultTableViewController.m in Sources */,
				4EA483551BF875F0004F6E98 /* DLLSearchResultTableViewCell.m in Sources */,
				4E6D93261BABC81600A2B0A7 /* DLLBookInfoCollectionViewCell.m in Sources */,
				4E29D8111BD10B7D001F8CCB /* DLLHomeViewController.m in Sources */,
				4EA483581BF88F45004F6E98 /* DLLLoginViewController.m in Sources */,
				4E74C9031BE8695000335EFF /* DLLTabBar.m in Sources */,
				4E29D8171BD10BA0001F8CCB /* DLLNavigationController.m in Sources */,
				4EB82D171BD736A300439542 /* DLLBookCoverView.m in Sources */,
				4E5E98A51BA6F4D3002B3687 /* main.m in Sources */,
			);
			runOnlyForDeploymentPostprocessing = 0;
		};
		4E5E98B71BA6F4D3002B3687 /* Sources */ = {
			isa = PBXSourcesBuildPhase;
			buildActionMask = 2147483647;
			files = (
				4E5E98C21BA6F4D3002B3687 /* book_library_iosTests.m in Sources */,
			);
			runOnlyForDeploymentPostprocessing = 0;
		};
/* End PBXSourcesBuildPhase section */

/* Begin PBXTargetDependency section */
		4E5E98BD1BA6F4D3002B3687 /* PBXTargetDependency */ = {
			isa = PBXTargetDependency;
			target = 4E5E989E1BA6F4D3002B3687 /* book-library-ios */;
			targetProxy = 4E5E98BC1BA6F4D3002B3687 /* PBXContainerItemProxy */;
		};
/* End PBXTargetDependency section */

/* Begin PBXVariantGroup section */
		4E5E98AF1BA6F4D3002B3687 /* Main.storyboard */ = {
			isa = PBXVariantGroup;
			children = (
				4E5E98B01BA6F4D3002B3687 /* Base */,
			);
			name = Main.storyboard;
			sourceTree = "<group>";
		};
		4E5E98B41BA6F4D3002B3687 /* LaunchScreen.xib */ = {
			isa = PBXVariantGroup;
			children = (
				4E5E98B51BA6F4D3002B3687 /* Base */,
			);
			name = LaunchScreen.xib;
			sourceTree = "<group>";
		};
/* End PBXVariantGroup section */

/* Begin XCBuildConfiguration section */
		4E5E98C31BA6F4D3002B3687 /* Debug */ = {
			isa = XCBuildConfiguration;
			buildSettings = {
				ALWAYS_SEARCH_USER_PATHS = NO;
				CLANG_CXX_LANGUAGE_STANDARD = "gnu++0x";
				CLANG_CXX_LIBRARY = "libc++";
				CLANG_ENABLE_MODULES = YES;
				CLANG_ENABLE_OBJC_ARC = YES;
				CLANG_WARN_BOOL_CONVERSION = YES;
				CLANG_WARN_CONSTANT_CONVERSION = YES;
				CLANG_WARN_DIRECT_OBJC_ISA_USAGE = YES_ERROR;
				CLANG_WARN_EMPTY_BODY = YES;
				CLANG_WARN_ENUM_CONVERSION = YES;
				CLANG_WARN_INT_CONVERSION = YES;
				CLANG_WARN_OBJC_ROOT_CLASS = YES_ERROR;
				CLANG_WARN_UNREACHABLE_CODE = YES;
				CLANG_WARN__DUPLICATE_METHOD_MATCH = YES;
				"CODE_SIGN_IDENTITY[sdk=iphoneos*]" = "iPhone Developer";
				COPY_PHASE_STRIP = NO;
				DEBUG_INFORMATION_FORMAT = "dwarf-with-dsym";
				ENABLE_STRICT_OBJC_MSGSEND = YES;
				GCC_C_LANGUAGE_STANDARD = gnu99;
				GCC_DYNAMIC_NO_PIC = NO;
				GCC_NO_COMMON_BLOCKS = YES;
				GCC_OPTIMIZATION_LEVEL = 0;
				GCC_PREPROCESSOR_DEFINITIONS = (
					"DEBUG=1",
					"$(inherited)",
				);
				GCC_SYMBOLS_PRIVATE_EXTERN = NO;
				GCC_WARN_64_TO_32_BIT_CONVERSION = YES;
				GCC_WARN_ABOUT_RETURN_TYPE = YES_ERROR;
				GCC_WARN_UNDECLARED_SELECTOR = YES;
				GCC_WARN_UNINITIALIZED_AUTOS = YES_AGGRESSIVE;
				GCC_WARN_UNUSED_FUNCTION = YES;
				GCC_WARN_UNUSED_VARIABLE = YES;
				IPHONEOS_DEPLOYMENT_TARGET = 8.4;
				MTL_ENABLE_DEBUG_INFO = YES;
				ONLY_ACTIVE_ARCH = YES;
				SDKROOT = iphoneos;
				TARGETED_DEVICE_FAMILY = "1,2";
			};
			name = Debug;
		};
		4E5E98C41BA6F4D3002B3687 /* Release */ = {
			isa = XCBuildConfiguration;
			buildSettings = {
				ALWAYS_SEARCH_USER_PATHS = NO;
				CLANG_CXX_LANGUAGE_STANDARD = "gnu++0x";
				CLANG_CXX_LIBRARY = "libc++";
				CLANG_ENABLE_MODULES = YES;
				CLANG_ENABLE_OBJC_ARC = YES;
				CLANG_WARN_BOOL_CONVERSION = YES;
				CLANG_WARN_CONSTANT_CONVERSION = YES;
				CLANG_WARN_DIRECT_OBJC_ISA_USAGE = YES_ERROR;
				CLANG_WARN_EMPTY_BODY = YES;
				CLANG_WARN_ENUM_CONVERSION = YES;
				CLANG_WARN_INT_CONVERSION = YES;
				CLANG_WARN_OBJC_ROOT_CLASS = YES_ERROR;
				CLANG_WARN_UNREACHABLE_CODE = YES;
				CLANG_WARN__DUPLICATE_METHOD_MATCH = YES;
				"CODE_SIGN_IDENTITY[sdk=iphoneos*]" = "iPhone Developer";
				COPY_PHASE_STRIP = NO;
				DEBUG_INFORMATION_FORMAT = "dwarf-with-dsym";
				ENABLE_NS_ASSERTIONS = NO;
				ENABLE_STRICT_OBJC_MSGSEND = YES;
				GCC_C_LANGUAGE_STANDARD = gnu99;
				GCC_NO_COMMON_BLOCKS = YES;
				GCC_WARN_64_TO_32_BIT_CONVERSION = YES;
				GCC_WARN_ABOUT_RETURN_TYPE = YES_ERROR;
				GCC_WARN_UNDECLARED_SELECTOR = YES;
				GCC_WARN_UNINITIALIZED_AUTOS = YES_AGGRESSIVE;
				GCC_WARN_UNUSED_FUNCTION = YES;
				GCC_WARN_UNUSED_VARIABLE = YES;
				IPHONEOS_DEPLOYMENT_TARGET = 8.4;
				MTL_ENABLE_DEBUG_INFO = NO;
				SDKROOT = iphoneos;
				TARGETED_DEVICE_FAMILY = "1,2";
				VALIDATE_PRODUCT = YES;
			};
			name = Release;
		};
		4E5E98C61BA6F4D3002B3687 /* Debug */ = {
			isa = XCBuildConfiguration;
			baseConfigurationReference = 66AD8D393F6412F646D4C96B /* Pods.debug.xcconfig */;
			buildSettings = {
				ASSETCATALOG_COMPILER_APPICON_NAME = AppIcon;
				ASSETCATALOG_COMPILER_LAUNCHIMAGE_NAME = LaunchImage;
				INFOPLIST_FILE = "book-library-ios/Info.plist";
				IPHONEOS_DEPLOYMENT_TARGET = 7.0;
				LD_RUNPATH_SEARCH_PATHS = "$(inherited) @executable_path/Frameworks";
				PRODUCT_NAME = "$(TARGET_NAME)";
				TARGETED_DEVICE_FAMILY = 1;
			};
			name = Debug;
		};
		4E5E98C71BA6F4D3002B3687 /* Release */ = {
			isa = XCBuildConfiguration;
			baseConfigurationReference = 572A2494058AAE7CAF8C030B /* Pods.release.xcconfig */;
			buildSettings = {
				ASSETCATALOG_COMPILER_APPICON_NAME = AppIcon;
				ASSETCATALOG_COMPILER_LAUNCHIMAGE_NAME = LaunchImage;
				INFOPLIST_FILE = "book-library-ios/Info.plist";
				IPHONEOS_DEPLOYMENT_TARGET = 7.0;
				LD_RUNPATH_SEARCH_PATHS = "$(inherited) @executable_path/Frameworks";
				PRODUCT_NAME = "$(TARGET_NAME)";
				TARGETED_DEVICE_FAMILY = 1;
			};
			name = Release;
		};
		4E5E98C91BA6F4D3002B3687 /* Debug */ = {
			isa = XCBuildConfiguration;
			buildSettings = {
				BUNDLE_LOADER = "$(TEST_HOST)";
				FRAMEWORK_SEARCH_PATHS = (
					"$(SDKROOT)/Developer/Library/Frameworks",
					"$(inherited)",
				);
				GCC_PREPROCESSOR_DEFINITIONS = (
					"DEBUG=1",
					"$(inherited)",
				);
				INFOPLIST_FILE = "book-library-iosTests/Info.plist";
				LD_RUNPATH_SEARCH_PATHS = "$(inherited) @executable_path/Frameworks @loader_path/Frameworks";
				PRODUCT_NAME = "$(TARGET_NAME)";
				TEST_HOST = "$(BUILT_PRODUCTS_DIR)/book-library-ios.app/book-library-ios";
			};
			name = Debug;
		};
		4E5E98CA1BA6F4D3002B3687 /* Release */ = {
			isa = XCBuildConfiguration;
			buildSettings = {
				BUNDLE_LOADER = "$(TEST_HOST)";
				FRAMEWORK_SEARCH_PATHS = (
					"$(SDKROOT)/Developer/Library/Frameworks",
					"$(inherited)",
				);
				INFOPLIST_FILE = "book-library-iosTests/Info.plist";
				LD_RUNPATH_SEARCH_PATHS = "$(inherited) @executable_path/Frameworks @loader_path/Frameworks";
				PRODUCT_NAME = "$(TARGET_NAME)";
				TEST_HOST = "$(BUILT_PRODUCTS_DIR)/book-library-ios.app/book-library-ios";
			};
			name = Release;
		};
/* End XCBuildConfiguration section */

/* Begin XCConfigurationList section */
		4E5E989A1BA6F4D3002B3687 /* Build configuration list for PBXProject "book-library-ios" */ = {
			isa = XCConfigurationList;
			buildConfigurations = (
				4E5E98C31BA6F4D3002B3687 /* Debug */,
				4E5E98C41BA6F4D3002B3687 /* Release */,
			);
			defaultConfigurationIsVisible = 0;
			defaultConfigurationName = Release;
		};
		4E5E98C51BA6F4D3002B3687 /* Build configuration list for PBXNativeTarget "book-library-ios" */ = {
			isa = XCConfigurationList;
			buildConfigurations = (
				4E5E98C61BA6F4D3002B3687 /* Debug */,
				4E5E98C71BA6F4D3002B3687 /* Release */,
			);
			defaultConfigurationIsVisible = 0;
			defaultConfigurationName = Release;
		};
		4E5E98C81BA6F4D3002B3687 /* Build configuration list for PBXNativeTarget "book-library-iosTests" */ = {
			isa = XCConfigurationList;
			buildConfigurations = (
				4E5E98C91BA6F4D3002B3687 /* Debug */,
				4E5E98CA1BA6F4D3002B3687 /* Release */,
			);
			defaultConfigurationIsVisible = 0;
			defaultConfigurationName = Release;
		};
/* End XCConfigurationList section */

/* Begin XCVersionGroup section */
		4E5E98A91BA6F4D3002B3687 /* book_library_ios.xcdatamodeld */ = {
			isa = XCVersionGroup;
			children = (
				4E5E98AA1BA6F4D3002B3687 /* book_library_ios.xcdatamodel */,
			);
			currentVersion = 4E5E98AA1BA6F4D3002B3687 /* book_library_ios.xcdatamodel */;
			path = book_library_ios.xcdatamodeld;
			sourceTree = "<group>";
			versionGroupType = wrapper.xcdatamodel;
		};
/* End XCVersionGroup section */
	};
	rootObject = 4E5E98971BA6F4D3002B3687 /* Project object */;
}
