<?xml version="1.0" encoding="UTF-8"?>
<!DOCTYPE plist PUBLIC "-//Apple//DTD PLIST 1.0//EN" "http://www.apple.com/DTDs/PropertyList-1.0.dtd">
<plist version="1.0">
<dict>
	<key>archiveVersion</key>
	<string>1</string>
	<key>classes</key>
	<dict/>
	<key>objectVersion</key>
	<string>46</string>
	<key>objects</key>
	<dict>
		<key>01AFC182093831E26881E8A4</key>
		<dict>
			<key>buildActionMask</key>
			<string>2147483647</string>
			<key>files</key>
			<array/>
			<key>inputPaths</key>
			<array/>
			<key>isa</key>
			<string>PBXShellScriptBuildPhase</string>
			<key>name</key>
			<string>&#128230; Check Pods Manifest.lock</string>
			<key>outputPaths</key>
			<array/>
			<key>runOnlyForDeploymentPostprocessing</key>
			<string>0</string>
			<key>shellPath</key>
			<string>/bin/sh</string>
			<key>shellScript</key>
			<string>diff "${PODS_ROOT}/../Podfile.lock" "${PODS_ROOT}/Manifest.lock" &gt; /dev/null
if [[ $? != 0 ]] ; then
    cat &lt;&lt; EOM
error: The sandbox is not in sync with the Podfile.lock. Run 'pod install' or update your CocoaPods installation.
EOM
    exit 1
fi
</string>
			<key>showEnvVarsInLog</key>
			<string>0</string>
		</dict>
		<key>082797934BA1095E917460E7</key>
		<dict>
			<key>fileRef</key>
			<string>E86E0EC8E9992E4D4DE9EE94</string>
			<key>isa</key>
			<string>PBXBuildFile</string>
		</dict>
		<key>18517B9544D53FC8B7EFD093</key>
		<dict>
			<key>buildActionMask</key>
			<string>2147483647</string>
			<key>files</key>
			<array/>
			<key>inputPaths</key>
			<array/>
			<key>isa</key>
			<string>PBXShellScriptBuildPhase</string>
			<key>name</key>
			<string>&#128230; Copy Pods Resources</string>
			<key>outputPaths</key>
			<array/>
			<key>runOnlyForDeploymentPostprocessing</key>
			<string>0</string>
			<key>shellPath</key>
			<string>/bin/sh</string>
			<key>shellScript</key>
			<string>"${SRCROOT}/Pods/Target Support Files/Pods-book-library-ios/Pods-book-library-ios-resources.sh"
</string>
			<key>showEnvVarsInLog</key>
			<string>0</string>
		</dict>
		<key>2CFF121829FD937E4FFF7E39</key>
		<dict>
			<key>includeInIndex</key>
			<string>1</string>
			<key>isa</key>
			<string>PBXFileReference</string>
			<key>lastKnownFileType</key>
			<string>text.xcconfig</string>
			<key>name</key>
			<string>Pods-book-library-ios.debug.xcconfig</string>
			<key>path</key>
			<string>Pods/Target Support Files/Pods-book-library-ios/Pods-book-library-ios.debug.xcconfig</string>
			<key>sourceTree</key>
			<string>&lt;group&gt;</string>
		</dict>
		<key>38D77DF601147118231FF981</key>
		<dict>
			<key>buildActionMask</key>
			<string>2147483647</string>
			<key>files</key>
			<array/>
			<key>inputPaths</key>
			<array/>
			<key>isa</key>
			<string>PBXShellScriptBuildPhase</string>
			<key>name</key>
			<string>&#128230; Embed Pods Frameworks</string>
			<key>outputPaths</key>
			<array/>
			<key>runOnlyForDeploymentPostprocessing</key>
			<string>0</string>
			<key>shellPath</key>
			<string>/bin/sh</string>
			<key>shellScript</key>
			<string>"${SRCROOT}/Pods/Target Support Files/Pods-book-library-ios/Pods-book-library-ios-frameworks.sh"
</string>
			<key>showEnvVarsInLog</key>
			<string>0</string>
		</dict>
		<key>4E0554F81BDCF86C0034FA2A</key>
		<dict>
			<key>children</key>
			<array>
				<string>4EF2DDE01BDF266A008D2449</string>
				<string>4E0554F91BDCF86C0034FA2A</string>
			</array>
			<key>isa</key>
			<string>PBXGroup</string>
			<key>path</key>
			<string>scan</string>
			<key>sourceTree</key>
			<string>&lt;group&gt;</string>
		</dict>
		<key>4E0554F91BDCF86C0034FA2A</key>
		<dict>
			<key>children</key>
			<array>
				<string>4E0554FA1BDCF8DD0034FA2A</string>
				<string>4E0554FB1BDCF8DD0034FA2A</string>
				<string>4E6F78EE1BE5FF67009172A4</string>
				<string>4E6F78EF1BE5FF67009172A4</string>
			</array>
			<key>isa</key>
			<string>PBXGroup</string>
			<key>path</key>
			<string>Controller</string>
			<key>sourceTree</key>
			<string>&lt;group&gt;</string>
		</dict>
		<key>4E0554FA1BDCF8DD0034FA2A</key>
		<dict>
			<key>fileEncoding</key>
			<string>4</string>
			<key>isa</key>
			<string>PBXFileReference</string>
			<key>lastKnownFileType</key>
			<string>sourcecode.c.h</string>
			<key>path</key>
			<string>DLLScanBookViewController.h</string>
			<key>sourceTree</key>
			<string>&lt;group&gt;</string>
		</dict>
		<key>4E0554FB1BDCF8DD0034FA2A</key>
		<dict>
			<key>fileEncoding</key>
			<string>4</string>
			<key>isa</key>
			<string>PBXFileReference</string>
			<key>lastKnownFileType</key>
			<string>sourcecode.c.objc</string>
			<key>path</key>
			<string>DLLScanBookViewController.m</string>
			<key>sourceTree</key>
			<string>&lt;group&gt;</string>
		</dict>
		<key>4E0554FC1BDCF8DD0034FA2A</key>
		<dict>
			<key>fileRef</key>
			<string>4E0554FB1BDCF8DD0034FA2A</string>
			<key>isa</key>
			<string>PBXBuildFile</string>
		</dict>
		<key>4E0C2A781BC13BDD0035351A</key>
		<dict>
			<key>children</key>
			<array>
				<string>4E0C2A791BC13BDD0035351A</string>
				<string>4E0C2A7A1BC13BDD0035351A</string>
				<string>4E0C2A7B1BC13BDD0035351A</string>
			</array>
			<key>isa</key>
			<string>PBXGroup</string>
			<key>path</key>
			<string>Detail</string>
			<key>sourceTree</key>
			<string>&lt;group&gt;</string>
		</dict>
		<key>4E0C2A791BC13BDD0035351A</key>
		<dict>
			<key>children</key>
			<array>
				<string>4E0C2A841BC13E550035351A</string>
				<string>4E0C2A851BC13E550035351A</string>
				<string>4E6F78EB1BE5B3A9009172A4</string>
				<string>4E6F78EC1BE5B3A9009172A4</string>
			</array>
			<key>isa</key>
			<string>PBXGroup</string>
			<key>path</key>
			<string>Controller</string>
			<key>sourceTree</key>
			<string>&lt;group&gt;</string>
		</dict>
		<key>4E0C2A7A1BC13BDD0035351A</key>
		<dict>
			<key>children</key>
			<array/>
			<key>isa</key>
			<string>PBXGroup</string>
			<key>path</key>
			<string>Model</string>
			<key>sourceTree</key>
			<string>&lt;group&gt;</string>
		</dict>
		<key>4E0C2A7B1BC13BDD0035351A</key>
		<dict>
			<key>children</key>
			<array>
				<string>4E0C2A8D1BC140840035351A</string>
				<string>4E0C2A8E1BC140840035351A</string>
				<string>4EB82D151BD736A300439542</string>
				<string>4EB82D161BD736A300439542</string>
				<string>4E6F78E61BE51013009172A4</string>
				<string>4E6F78E71BE51013009172A4</string>
				<string>4E6F78E91BE51F2F009172A4</string>
			</array>
			<key>isa</key>
			<string>PBXGroup</string>
			<key>path</key>
			<string>View</string>
			<key>sourceTree</key>
			<string>&lt;group&gt;</string>
		</dict>
		<key>4E0C2A841BC13E550035351A</key>
		<dict>
			<key>fileEncoding</key>
			<string>4</string>
			<key>isa</key>
			<string>PBXFileReference</string>
			<key>lastKnownFileType</key>
			<string>sourcecode.c.h</string>
			<key>path</key>
			<string>DLLBookDetailViewController.h</string>
			<key>sourceTree</key>
			<string>&lt;group&gt;</string>
		</dict>
		<key>4E0C2A851BC13E550035351A</key>
		<dict>
			<key>fileEncoding</key>
			<string>4</string>
			<key>isa</key>
			<string>PBXFileReference</string>
			<key>lastKnownFileType</key>
			<string>sourcecode.c.objc</string>
			<key>path</key>
			<string>DLLBookDetailViewController.m</string>
			<key>sourceTree</key>
			<string>&lt;group&gt;</string>
		</dict>
		<key>4E0C2A861BC13E550035351A</key>
		<dict>
			<key>fileRef</key>
			<string>4E0C2A851BC13E550035351A</string>
			<key>isa</key>
			<string>PBXBuildFile</string>
		</dict>
		<key>4E0C2A8D1BC140840035351A</key>
		<dict>
			<key>fileEncoding</key>
			<string>4</string>
			<key>isa</key>
			<string>PBXFileReference</string>
			<key>lastKnownFileType</key>
			<string>sourcecode.c.h</string>
			<key>path</key>
			<string>DLLBookDetailView.h</string>
			<key>sourceTree</key>
			<string>&lt;group&gt;</string>
		</dict>
		<key>4E0C2A8E1BC140840035351A</key>
		<dict>
			<key>fileEncoding</key>
			<string>4</string>
			<key>isa</key>
			<string>PBXFileReference</string>
			<key>lastKnownFileType</key>
			<string>sourcecode.c.objc</string>
			<key>path</key>
			<string>DLLBookDetailView.m</string>
			<key>sourceTree</key>
			<string>&lt;group&gt;</string>
		</dict>
		<key>4E0C2A8F1BC140840035351A</key>
		<dict>
			<key>fileRef</key>
			<string>4E0C2A8E1BC140840035351A</string>
			<key>isa</key>
			<string>PBXBuildFile</string>
		</dict>
		<key>4E0FF8831C0ACE5C00971697</key>
		<dict>
			<key>children</key>
			<array>
				<string>4E0FF8841C0ACE5C00971697</string>
			</array>
			<key>isa</key>
			<string>PBXGroup</string>
			<key>path</key>
			<string>PreOrder</string>
			<key>sourceTree</key>
			<string>&lt;group&gt;</string>
		</dict>
		<key>4E0FF8841C0ACE5C00971697</key>
		<dict>
			<key>children</key>
			<array>
				<string>4E0FF8851C0ACE7100971697</string>
				<string>4E0FF8861C0ACE7100971697</string>
			</array>
			<key>isa</key>
			<string>PBXGroup</string>
			<key>path</key>
			<string>Controller</string>
			<key>sourceTree</key>
			<string>&lt;group&gt;</string>
		</dict>
		<key>4E0FF8851C0ACE7100971697</key>
		<dict>
			<key>fileEncoding</key>
			<string>4</string>
			<key>isa</key>
			<string>PBXFileReference</string>
			<key>lastKnownFileType</key>
			<string>sourcecode.c.h</string>
			<key>path</key>
			<string>DLLPreOrderTableViewController.h</string>
			<key>sourceTree</key>
			<string>&lt;group&gt;</string>
		</dict>
		<key>4E0FF8861C0ACE7100971697</key>
		<dict>
			<key>fileEncoding</key>
			<string>4</string>
			<key>isa</key>
			<string>PBXFileReference</string>
			<key>lastKnownFileType</key>
			<string>sourcecode.c.objc</string>
			<key>path</key>
			<string>DLLPreOrderTableViewController.m</string>
			<key>sourceTree</key>
			<string>&lt;group&gt;</string>
		</dict>
		<key>4E0FF8871C0ACE7100971697</key>
		<dict>
			<key>fileRef</key>
			<string>4E0FF8861C0ACE7100971697</string>
			<key>isa</key>
			<string>PBXBuildFile</string>
		</dict>
		<key>4E0FF8881C0ACF2000971697</key>
		<dict>
			<key>children</key>
			<array>
				<string>4E0FF8891C0ACF6F00971697</string>
				<string>4E0FF88A1C0ACF6F00971697</string>
				<string>4E19943E1C1D874A004BC4E7</string>
				<string>4E19943F1C1D874A004BC4E7</string>
			</array>
			<key>isa</key>
			<string>PBXGroup</string>
			<key>path</key>
			<string>utils</string>
			<key>sourceTree</key>
			<string>&lt;group&gt;</string>
		</dict>
		<key>4E0FF8891C0ACF6F00971697</key>
		<dict>
			<key>fileEncoding</key>
			<string>4</string>
			<key>isa</key>
			<string>PBXFileReference</string>
			<key>lastKnownFileType</key>
			<string>sourcecode.c.h</string>
			<key>path</key>
			<string>DLLPreOrderUtil.h</string>
			<key>sourceTree</key>
			<string>&lt;group&gt;</string>
		</dict>
		<key>4E0FF88A1C0ACF6F00971697</key>
		<dict>
			<key>fileEncoding</key>
			<string>4</string>
			<key>isa</key>
			<string>PBXFileReference</string>
			<key>lastKnownFileType</key>
			<string>sourcecode.c.objc</string>
			<key>path</key>
			<string>DLLPreOrderUtil.m</string>
			<key>sourceTree</key>
			<string>&lt;group&gt;</string>
		</dict>
		<key>4E0FF88B1C0ACF6F00971697</key>
		<dict>
			<key>fileRef</key>
			<string>4E0FF88A1C0ACF6F00971697</string>
			<key>isa</key>
			<string>PBXBuildFile</string>
		</dict>
		<key>4E17588D1C01E72A00096AA5</key>
		<dict>
			<key>fileEncoding</key>
			<string>4</string>
			<key>isa</key>
			<string>PBXFileReference</string>
			<key>lastKnownFileType</key>
			<string>sourcecode.c.h</string>
			<key>path</key>
			<string>DLLLibraryInfo.h</string>
			<key>sourceTree</key>
			<string>&lt;group&gt;</string>
		</dict>
		<key>4E17588E1C01E72A00096AA5</key>
		<dict>
			<key>fileEncoding</key>
			<string>4</string>
			<key>isa</key>
			<string>PBXFileReference</string>
			<key>lastKnownFileType</key>
			<string>sourcecode.c.objc</string>
			<key>path</key>
			<string>DLLLibraryInfo.m</string>
			<key>sourceTree</key>
			<string>&lt;group&gt;</string>
		</dict>
		<key>4E17588F1C01E72A00096AA5</key>
		<dict>
			<key>fileRef</key>
			<string>4E17588E1C01E72A00096AA5</string>
			<key>isa</key>
			<string>PBXBuildFile</string>
		</dict>
		<key>4E19943E1C1D874A004BC4E7</key>
		<dict>
			<key>fileEncoding</key>
			<string>4</string>
			<key>isa</key>
			<string>PBXFileReference</string>
			<key>lastKnownFileType</key>
			<string>sourcecode.c.h</string>
			<key>path</key>
			<string>DLLBookUtil.h</string>
			<key>sourceTree</key>
			<string>&lt;group&gt;</string>
		</dict>
		<key>4E19943F1C1D874A004BC4E7</key>
		<dict>
			<key>fileEncoding</key>
			<string>4</string>
			<key>isa</key>
			<string>PBXFileReference</string>
			<key>lastKnownFileType</key>
			<string>sourcecode.c.objc</string>
			<key>path</key>
			<string>DLLBookUtil.m</string>
			<key>sourceTree</key>
			<string>&lt;group&gt;</string>
		</dict>
		<key>4E1994401C1D874A004BC4E7</key>
		<dict>
			<key>fileRef</key>
			<string>4E19943F1C1D874A004BC4E7</string>
			<key>isa</key>
			<string>PBXBuildFile</string>
		</dict>
		<key>4E29D80F1BD10B7D001F8CCB</key>
		<dict>
			<key>fileEncoding</key>
			<string>4</string>
			<key>isa</key>
			<string>PBXFileReference</string>
			<key>lastKnownFileType</key>
			<string>sourcecode.c.h</string>
			<key>path</key>
			<string>DLLHomeViewController.h</string>
			<key>sourceTree</key>
			<string>&lt;group&gt;</string>
		</dict>
		<key>4E29D8101BD10B7D001F8CCB</key>
		<dict>
			<key>fileEncoding</key>
			<string>4</string>
			<key>isa</key>
			<string>PBXFileReference</string>
			<key>lastKnownFileType</key>
			<string>sourcecode.c.objc</string>
			<key>path</key>
			<string>DLLHomeViewController.m</string>
			<key>sourceTree</key>
			<string>&lt;group&gt;</string>
		</dict>
		<key>4E29D8111BD10B7D001F8CCB</key>
		<dict>
			<key>fileRef</key>
			<string>4E29D8101BD10B7D001F8CCB</string>
			<key>isa</key>
			<string>PBXBuildFile</string>
		</dict>
		<key>4E29D8121BD10BA0001F8CCB</key>
		<dict>
			<key>children</key>
			<array>
				<string>4E29D8131BD10BA0001F8CCB</string>
				<string>4E29D8141BD10BA0001F8CCB</string>
				<string>4E29D8151BD10BA0001F8CCB</string>
				<string>4E29D8161BD10BA0001F8CCB</string>
				<string>4E74C9011BE8695000335EFF</string>
				<string>4E74C9021BE8695000335EFF</string>
				<string>4E74C9041BE86CAA00335EFF</string>
				<string>4E74C9051BE86CAA00335EFF</string>
			</array>
			<key>isa</key>
			<string>PBXGroup</string>
			<key>path</key>
			<string>root</string>
			<key>sourceTree</key>
			<string>&lt;group&gt;</string>
		</dict>
		<key>4E29D8131BD10BA0001F8CCB</key>
		<dict>
			<key>fileEncoding</key>
			<string>4</string>
			<key>isa</key>
			<string>PBXFileReference</string>
			<key>lastKnownFileType</key>
			<string>sourcecode.c.h</string>
			<key>path</key>
			<string>DLLNavigationController.h</string>
			<key>sourceTree</key>
			<string>&lt;group&gt;</string>
		</dict>
		<key>4E29D8141BD10BA0001F8CCB</key>
		<dict>
			<key>fileEncoding</key>
			<string>4</string>
			<key>isa</key>
			<string>PBXFileReference</string>
			<key>lastKnownFileType</key>
			<string>sourcecode.c.objc</string>
			<key>path</key>
			<string>DLLNavigationController.m</string>
			<key>sourceTree</key>
			<string>&lt;group&gt;</string>
		</dict>
		<key>4E29D8151BD10BA0001F8CCB</key>
		<dict>
			<key>fileEncoding</key>
			<string>4</string>
			<key>isa</key>
			<string>PBXFileReference</string>
			<key>lastKnownFileType</key>
			<string>sourcecode.c.h</string>
			<key>path</key>
			<string>DLLTabBarViewController.h</string>
			<key>sourceTree</key>
			<string>&lt;group&gt;</string>
		</dict>
		<key>4E29D8161BD10BA0001F8CCB</key>
		<dict>
			<key>fileEncoding</key>
			<string>4</string>
			<key>isa</key>
			<string>PBXFileReference</string>
			<key>lastKnownFileType</key>
			<string>sourcecode.c.objc</string>
			<key>path</key>
			<string>DLLTabBarViewController.m</string>
			<key>sourceTree</key>
			<string>&lt;group&gt;</string>
		</dict>
		<key>4E29D8171BD10BA0001F8CCB</key>
		<dict>
			<key>fileRef</key>
			<string>4E29D8141BD10BA0001F8CCB</string>
			<key>isa</key>
			<string>PBXBuildFile</string>
		</dict>
		<key>4E29D8181BD10BA0001F8CCB</key>
		<dict>
			<key>fileRef</key>
			<string>4E29D8161BD10BA0001F8CCB</string>
			<key>isa</key>
			<string>PBXBuildFile</string>
		</dict>
		<key>4E29D8211BD5E7C3001F8CCB</key>
		<dict>
			<key>children</key>
			<array>
				<string>4E29D8221BD5E7C3001F8CCB</string>
				<string>4EB82D111BD61AF900439542</string>
				<string>4E29D8231BD5E7C3001F8CCB</string>
			</array>
			<key>isa</key>
			<string>PBXGroup</string>
			<key>path</key>
			<string>user</string>
			<key>sourceTree</key>
			<string>&lt;group&gt;</string>
		</dict>
		<key>4E29D8221BD5E7C3001F8CCB</key>
		<dict>
			<key>children</key>
			<array>
				<string>4E29D8271BD5E84C001F8CCB</string>
				<string>4E29D8281BD5E84C001F8CCB</string>
				<string>4EA483561BF88F45004F6E98</string>
				<string>4EA483571BF88F45004F6E98</string>
			</array>
			<key>isa</key>
			<string>PBXGroup</string>
			<key>path</key>
			<string>Controller</string>
			<key>sourceTree</key>
			<string>&lt;group&gt;</string>
		</dict>
		<key>4E29D8231BD5E7C3001F8CCB</key>
		<dict>
			<key>children</key>
			<array>
				<string>4EB82D0E1BD61ABA00439542</string>
				<string>4EB82D0F1BD61ABA00439542</string>
			</array>
			<key>isa</key>
			<string>PBXGroup</string>
			<key>path</key>
			<string>View</string>
			<key>sourceTree</key>
			<string>&lt;group&gt;</string>
		</dict>
		<key>4E29D8271BD5E84C001F8CCB</key>
		<dict>
			<key>fileEncoding</key>
			<string>4</string>
			<key>isa</key>
			<string>PBXFileReference</string>
			<key>lastKnownFileType</key>
			<string>sourcecode.c.h</string>
			<key>path</key>
			<string>DLLUserCenterViewController.h</string>
			<key>sourceTree</key>
			<string>&lt;group&gt;</string>
		</dict>
		<key>4E29D8281BD5E84C001F8CCB</key>
		<dict>
			<key>fileEncoding</key>
			<string>4</string>
			<key>isa</key>
			<string>PBXFileReference</string>
			<key>lastKnownFileType</key>
			<string>sourcecode.c.objc</string>
			<key>path</key>
			<string>DLLUserCenterViewController.m</string>
			<key>sourceTree</key>
			<string>&lt;group&gt;</string>
		</dict>
		<key>4E29D8291BD5E84C001F8CCB</key>
		<dict>
			<key>fileRef</key>
			<string>4E29D8281BD5E84C001F8CCB</string>
			<key>isa</key>
			<string>PBXBuildFile</string>
		</dict>
		<key>4E5E98961BA6F4D3002B3687</key>
		<dict>
			<key>children</key>
			<array>
				<string>4E5E98A11BA6F4D3002B3687</string>
				<string>4E5E98BE1BA6F4D3002B3687</string>
				<string>4E5E98A01BA6F4D3002B3687</string>
				<string>6F06FE057CD4ED20E0B9A12B</string>
				<string>6C76F1FBFC685EE8B3ADF9C5</string>
			</array>
			<key>isa</key>
			<string>PBXGroup</string>
			<key>sourceTree</key>
			<string>&lt;group&gt;</string>
		</dict>
		<key>4E5E98971BA6F4D3002B3687</key>
		<dict>
			<key>attributes</key>
			<dict>
				<key>CLASSPREFIX</key>
				<string>DLL</string>
				<key>LastUpgradeCheck</key>
				<string>0640</string>
				<key>ORGANIZATIONNAME</key>
				<string>dll</string>
				<key>TargetAttributes</key>
				<dict>
					<key>4E5E989E1BA6F4D3002B3687</key>
					<dict>
						<key>CreatedOnToolsVersion</key>
						<string>6.4</string>
						<key>DevelopmentTeam</key>
						<string>K28BFPPB7P</string>
					</dict>
					<key>4E5E98BA1BA6F4D3002B3687</key>
					<dict>
						<key>CreatedOnToolsVersion</key>
						<string>6.4</string>
						<key>TestTargetID</key>
						<string>4E5E989E1BA6F4D3002B3687</string>
					</dict>
				</dict>
			</dict>
			<key>buildConfigurationList</key>
			<string>4E5E989A1BA6F4D3002B3687</string>
			<key>compatibilityVersion</key>
			<string>Xcode 3.2</string>
			<key>developmentRegion</key>
			<string>English</string>
			<key>hasScannedForEncodings</key>
			<string>0</string>
			<key>isa</key>
			<string>PBXProject</string>
			<key>knownRegions</key>
			<array>
				<string>en</string>
				<string>Base</string>
			</array>
			<key>mainGroup</key>
			<string>4E5E98961BA6F4D3002B3687</string>
			<key>productRefGroup</key>
			<string>4E5E98A01BA6F4D3002B3687</string>
			<key>projectDirPath</key>
			<string></string>
			<key>projectReferences</key>
			<array/>
			<key>projectRoot</key>
			<string></string>
			<key>targets</key>
			<array>
				<string>4E5E989E1BA6F4D3002B3687</string>
				<string>4E5E98BA1BA6F4D3002B3687</string>
			</array>
		</dict>
		<key>4E5E989A1BA6F4D3002B3687</key>
		<dict>
			<key>buildConfigurations</key>
			<array>
				<string>4E5E98C31BA6F4D3002B3687</string>
				<string>4E5E98C41BA6F4D3002B3687</string>
			</array>
			<key>defaultConfigurationIsVisible</key>
			<string>0</string>
			<key>defaultConfigurationName</key>
			<string>Release</string>
			<key>isa</key>
			<string>XCConfigurationList</string>
		</dict>
		<key>4E5E989B1BA6F4D3002B3687</key>
		<dict>
			<key>buildActionMask</key>
			<string>2147483647</string>
			<key>files</key>
			<array>
				<string>4EB82D101BD61ABA00439542</string>
				<string>4EA07C0B1BA9816A00829E90</string>
				<string>4E1994401C1D874A004BC4E7</string>
				<string>4E0C2A8F1BC140840035351A</string>
				<string>4EB82D141BD61B4600439542</string>
				<string>4EF2DDE31BDF267B008D2449</string>
				<string>4E5E98A81BA6F4D3002B3687</string>
				<string>4E6F78E81BE51013009172A4</string>
				<string>4E29D8291BD5E84C001F8CCB</string>
				<string>4E29D8181BD10BA0001F8CCB</string>
				<string>4E74C9061BE86CAA00335EFF</string>
				<string>4E6D932A1BABCDAB00A2B0A7</string>
				<string>4E6F78F01BE5FF67009172A4</string>
				<string>4E7C63161BF0D2CF00E1341E</string>
				<string>4EA4834F1BF84317004F6E98</string>
				<string>4E0554FC1BDCF8DD0034FA2A</string>
				<string>4E5E98AB1BA6F4D3002B3687</string>
				<string>4E7B23FA1BB3F13E00A42E62</string>
				<string>4E0FF88B1C0ACF6F00971697</string>
				<string>4E0C2A861BC13E550035351A</string>
				<string>4E6F78ED1BE5B3A9009172A4</string>
				<string>4EA483521BF870DA004F6E98</string>
				<string>4E0FF8871C0ACE7100971697</string>
				<string>4EA483551BF875F0004F6E98</string>
				<string>4E6D93261BABC81600A2B0A7</string>
				<string>4E29D8111BD10B7D001F8CCB</string>
				<string>4EA483581BF88F45004F6E98</string>
				<string>4E74C9031BE8695000335EFF</string>
				<string>4E17588F1C01E72A00096AA5</string>
				<string>4E29D8171BD10BA0001F8CCB</string>
				<string>4EB82D171BD736A300439542</string>
				<string>4E5E98A51BA6F4D3002B3687</string>
			</array>
			<key>isa</key>
			<string>PBXSourcesBuildPhase</string>
			<key>runOnlyForDeploymentPostprocessing</key>
			<string>0</string>
		</dict>
		<key>4E5E989C1BA6F4D3002B3687</key>
		<dict>
			<key>buildActionMask</key>
			<string>2147483647</string>
			<key>files</key>
			<array>
				<string>082797934BA1095E917460E7</string>
			</array>
			<key>isa</key>
			<string>PBXFrameworksBuildPhase</string>
			<key>runOnlyForDeploymentPostprocessing</key>
			<string>0</string>
		</dict>
		<key>4E5E989D1BA6F4D3002B3687</key>
		<dict>
			<key>buildActionMask</key>
			<string>2147483647</string>
			<key>files</key>
			<array>
				<string>4E5E98B11BA6F4D3002B3687</string>
				<string>4E6F78EA1BE51F2F009172A4</string>
				<string>4E7C63171BF0D2CF00E1341E</string>
				<string>4E5E98B61BA6F4D3002B3687</string>
				<string>4E5E98B31BA6F4D3002B3687</string>
			</array>
			<key>isa</key>
			<string>PBXResourcesBuildPhase</string>
			<key>runOnlyForDeploymentPostprocessing</key>
			<string>0</string>
		</dict>
		<key>4E5E989E1BA6F4D3002B3687</key>
		<dict>
			<key>buildConfigurationList</key>
			<string>4E5E98C51BA6F4D3002B3687</string>
			<key>buildPhases</key>
			<array>
				<string>01AFC182093831E26881E8A4</string>
				<string>4E5E989B1BA6F4D3002B3687</string>
				<string>4E5E989C1BA6F4D3002B3687</string>
				<string>4E5E989D1BA6F4D3002B3687</string>
				<string>38D77DF601147118231FF981</string>
				<string>18517B9544D53FC8B7EFD093</string>
			</array>
			<key>buildRules</key>
			<array/>
			<key>dependencies</key>
			<array/>
			<key>isa</key>
			<string>PBXNativeTarget</string>
			<key>name</key>
			<string>book-library-ios</string>
			<key>productName</key>
			<string>book-library-ios</string>
			<key>productReference</key>
			<string>4E5E989F1BA6F4D3002B3687</string>
			<key>productType</key>
			<string>com.apple.product-type.application</string>
		</dict>
		<key>4E5E989F1BA6F4D3002B3687</key>
		<dict>
			<key>explicitFileType</key>
			<string>wrapper.application</string>
			<key>includeInIndex</key>
			<string>0</string>
			<key>isa</key>
			<string>PBXFileReference</string>
			<key>path</key>
			<string>book-library-ios.app</string>
			<key>sourceTree</key>
			<string>BUILT_PRODUCTS_DIR</string>
		</dict>
		<key>4E5E98A01BA6F4D3002B3687</key>
		<dict>
			<key>children</key>
			<array>
				<string>4E5E989F1BA6F4D3002B3687</string>
				<string>4E5E98BB1BA6F4D3002B3687</string>
			</array>
			<key>isa</key>
			<string>PBXGroup</string>
			<key>name</key>
			<string>Products</string>
			<key>sourceTree</key>
			<string>&lt;group&gt;</string>
		</dict>
		<key>4E5E98A11BA6F4D3002B3687</key>
		<dict>
			<key>children</key>
			<array>
				<string>4EA07BE81BA9741400829E90</string>
				<string>4E5E98A21BA6F4D3002B3687</string>
			</array>
			<key>isa</key>
			<string>PBXGroup</string>
			<key>path</key>
			<string>book-library-ios</string>
			<key>sourceTree</key>
			<string>&lt;group&gt;</string>
		</dict>
		<key>4E5E98A21BA6F4D3002B3687</key>
		<dict>
			<key>children</key>
			<array>
				<string>4E5E98A91BA6F4D3002B3687</string>
				<string>4E5E98AF1BA6F4D3002B3687</string>
				<string>4E5E98B41BA6F4D3002B3687</string>
				<string>4E5E98B21BA6F4D3002B3687</string>
				<string>4E5E98A61BA6F4D3002B3687</string>
				<string>4E5E98A71BA6F4D3002B3687</string>
				<string>4E5E98A31BA6F4D3002B3687</string>
				<string>4E5E98A41BA6F4D3002B3687</string>
			</array>
			<key>isa</key>
			<string>PBXGroup</string>
			<key>name</key>
			<string>Supporting Files</string>
			<key>sourceTree</key>
			<string>&lt;group&gt;</string>
		</dict>
		<key>4E5E98A31BA6F4D3002B3687</key>
		<dict>
			<key>isa</key>
			<string>PBXFileReference</string>
			<key>lastKnownFileType</key>
			<string>text.plist.xml</string>
			<key>path</key>
			<string>Info.plist</string>
			<key>sourceTree</key>
			<string>&lt;group&gt;</string>
		</dict>
		<key>4E5E98A41BA6F4D3002B3687</key>
		<dict>
			<key>isa</key>
			<string>PBXFileReference</string>
			<key>lastKnownFileType</key>
			<string>sourcecode.c.objc</string>
			<key>path</key>
			<string>main.m</string>
			<key>sourceTree</key>
			<string>&lt;group&gt;</string>
		</dict>
		<key>4E5E98A51BA6F4D3002B3687</key>
		<dict>
			<key>fileRef</key>
			<string>4E5E98A41BA6F4D3002B3687</string>
			<key>isa</key>
			<string>PBXBuildFile</string>
		</dict>
		<key>4E5E98A61BA6F4D3002B3687</key>
		<dict>
			<key>isa</key>
			<string>PBXFileReference</string>
			<key>lastKnownFileType</key>
			<string>sourcecode.c.h</string>
			<key>path</key>
			<string>AppDelegate.h</string>
			<key>sourceTree</key>
			<string>&lt;group&gt;</string>
		</dict>
		<key>4E5E98A71BA6F4D3002B3687</key>
		<dict>
			<key>isa</key>
			<string>PBXFileReference</string>
			<key>lastKnownFileType</key>
			<string>sourcecode.c.objc</string>
			<key>path</key>
			<string>AppDelegate.m</string>
			<key>sourceTree</key>
			<string>&lt;group&gt;</string>
		</dict>
		<key>4E5E98A81BA6F4D3002B3687</key>
		<dict>
			<key>fileRef</key>
			<string>4E5E98A71BA6F4D3002B3687</string>
			<key>isa</key>
			<string>PBXBuildFile</string>
		</dict>
		<key>4E5E98A91BA6F4D3002B3687</key>
		<dict>
			<key>children</key>
			<array>
				<string>4E5E98AA1BA6F4D3002B3687</string>
			</array>
			<key>currentVersion</key>
			<string>4E5E98AA1BA6F4D3002B3687</string>
			<key>isa</key>
			<string>XCVersionGroup</string>
			<key>path</key>
			<string>book_library_ios.xcdatamodeld</string>
			<key>sourceTree</key>
			<string>&lt;group&gt;</string>
			<key>versionGroupType</key>
			<string>wrapper.xcdatamodel</string>
		</dict>
		<key>4E5E98AA1BA6F4D3002B3687</key>
		<dict>
			<key>isa</key>
			<string>PBXFileReference</string>
			<key>lastKnownFileType</key>
			<string>wrapper.xcdatamodel</string>
			<key>path</key>
			<string>book_library_ios.xcdatamodel</string>
			<key>sourceTree</key>
			<string>&lt;group&gt;</string>
		</dict>
		<key>4E5E98AB1BA6F4D3002B3687</key>
		<dict>
			<key>fileRef</key>
			<string>4E5E98A91BA6F4D3002B3687</string>
			<key>isa</key>
			<string>PBXBuildFile</string>
		</dict>
		<key>4E5E98AF1BA6F4D3002B3687</key>
		<dict>
			<key>children</key>
			<array>
				<string>4E5E98B01BA6F4D3002B3687</string>
			</array>
			<key>isa</key>
			<string>PBXVariantGroup</string>
			<key>name</key>
			<string>Main.storyboard</string>
			<key>sourceTree</key>
			<string>&lt;group&gt;</string>
		</dict>
		<key>4E5E98B01BA6F4D3002B3687</key>
		<dict>
			<key>isa</key>
			<string>PBXFileReference</string>
			<key>lastKnownFileType</key>
			<string>file.storyboard</string>
			<key>name</key>
			<string>Base</string>
			<key>path</key>
			<string>Base.lproj/Main.storyboard</string>
			<key>sourceTree</key>
			<string>&lt;group&gt;</string>
		</dict>
		<key>4E5E98B11BA6F4D3002B3687</key>
		<dict>
			<key>fileRef</key>
			<string>4E5E98AF1BA6F4D3002B3687</string>
			<key>isa</key>
			<string>PBXBuildFile</string>
		</dict>
		<key>4E5E98B21BA6F4D3002B3687</key>
		<dict>
			<key>isa</key>
			<string>PBXFileReference</string>
			<key>lastKnownFileType</key>
			<string>folder.assetcatalog</string>
			<key>path</key>
			<string>Images.xcassets</string>
			<key>sourceTree</key>
			<string>&lt;group&gt;</string>
		</dict>
		<key>4E5E98B31BA6F4D3002B3687</key>
		<dict>
			<key>fileRef</key>
			<string>4E5E98B21BA6F4D3002B3687</string>
			<key>isa</key>
			<string>PBXBuildFile</string>
		</dict>
		<key>4E5E98B41BA6F4D3002B3687</key>
		<dict>
			<key>children</key>
			<array>
				<string>4E5E98B51BA6F4D3002B3687</string>
			</array>
			<key>isa</key>
			<string>PBXVariantGroup</string>
			<key>name</key>
			<string>LaunchScreen.xib</string>
			<key>sourceTree</key>
			<string>&lt;group&gt;</string>
		</dict>
		<key>4E5E98B51BA6F4D3002B3687</key>
		<dict>
			<key>isa</key>
			<string>PBXFileReference</string>
			<key>lastKnownFileType</key>
			<string>file.xib</string>
			<key>name</key>
			<string>Base</string>
			<key>path</key>
			<string>Base.lproj/LaunchScreen.xib</string>
			<key>sourceTree</key>
			<string>&lt;group&gt;</string>
		</dict>
		<key>4E5E98B61BA6F4D3002B3687</key>
		<dict>
			<key>fileRef</key>
			<string>4E5E98B41BA6F4D3002B3687</string>
			<key>isa</key>
			<string>PBXBuildFile</string>
		</dict>
		<key>4E5E98B71BA6F4D3002B3687</key>
		<dict>
			<key>buildActionMask</key>
			<string>2147483647</string>
			<key>files</key>
			<array>
				<string>4E5E98C21BA6F4D3002B3687</string>
			</array>
			<key>isa</key>
			<string>PBXSourcesBuildPhase</string>
			<key>runOnlyForDeploymentPostprocessing</key>
			<string>0</string>
		</dict>
		<key>4E5E98B81BA6F4D3002B3687</key>
		<dict>
			<key>buildActionMask</key>
			<string>2147483647</string>
			<key>files</key>
			<array/>
			<key>isa</key>
			<string>PBXFrameworksBuildPhase</string>
			<key>runOnlyForDeploymentPostprocessing</key>
			<string>0</string>
		</dict>
		<key>4E5E98B91BA6F4D3002B3687</key>
		<dict>
			<key>buildActionMask</key>
			<string>2147483647</string>
			<key>files</key>
			<array/>
			<key>isa</key>
			<string>PBXResourcesBuildPhase</string>
			<key>runOnlyForDeploymentPostprocessing</key>
			<string>0</string>
		</dict>
		<key>4E5E98BA1BA6F4D3002B3687</key>
		<dict>
			<key>buildConfigurationList</key>
			<string>4E5E98C81BA6F4D3002B3687</string>
			<key>buildPhases</key>
			<array>
				<string>4E5E98B71BA6F4D3002B3687</string>
				<string>4E5E98B81BA6F4D3002B3687</string>
				<string>4E5E98B91BA6F4D3002B3687</string>
			</array>
			<key>buildRules</key>
			<array/>
			<key>dependencies</key>
			<array>
				<string>4E5E98BD1BA6F4D3002B3687</string>
			</array>
			<key>isa</key>
			<string>PBXNativeTarget</string>
			<key>name</key>
			<string>book-library-iosTests</string>
			<key>productName</key>
			<string>book-library-iosTests</string>
			<key>productReference</key>
			<string>4E5E98BB1BA6F4D3002B3687</string>
			<key>productType</key>
			<string>com.apple.product-type.bundle.unit-test</string>
		</dict>
		<key>4E5E98BB1BA6F4D3002B3687</key>
		<dict>
			<key>explicitFileType</key>
			<string>wrapper.cfbundle</string>
			<key>includeInIndex</key>
			<string>0</string>
			<key>isa</key>
			<string>PBXFileReference</string>
			<key>path</key>
			<string>book-library-iosTests.xctest</string>
			<key>sourceTree</key>
			<string>BUILT_PRODUCTS_DIR</string>
		</dict>
		<key>4E5E98BC1BA6F4D3002B3687</key>
		<dict>
			<key>containerPortal</key>
			<string>4E5E98971BA6F4D3002B3687</string>
			<key>isa</key>
			<string>PBXContainerItemProxy</string>
			<key>proxyType</key>
			<string>1</string>
			<key>remoteGlobalIDString</key>
			<string>4E5E989E1BA6F4D3002B3687</string>
			<key>remoteInfo</key>
			<string>book-library-ios</string>
		</dict>
		<key>4E5E98BD1BA6F4D3002B3687</key>
		<dict>
			<key>isa</key>
			<string>PBXTargetDependency</string>
			<key>target</key>
			<string>4E5E989E1BA6F4D3002B3687</string>
			<key>targetProxy</key>
			<string>4E5E98BC1BA6F4D3002B3687</string>
		</dict>
		<key>4E5E98BE1BA6F4D3002B3687</key>
		<dict>
			<key>children</key>
			<array>
				<string>4E5E98C11BA6F4D3002B3687</string>
				<string>4E5E98BF1BA6F4D3002B3687</string>
			</array>
			<key>isa</key>
			<string>PBXGroup</string>
			<key>path</key>
			<string>book-library-iosTests</string>
			<key>sourceTree</key>
			<string>&lt;group&gt;</string>
		</dict>
		<key>4E5E98BF1BA6F4D3002B3687</key>
		<dict>
			<key>children</key>
			<array>
				<string>4E5E98C01BA6F4D3002B3687</string>
			</array>
			<key>isa</key>
			<string>PBXGroup</string>
			<key>name</key>
			<string>Supporting Files</string>
			<key>sourceTree</key>
			<string>&lt;group&gt;</string>
		</dict>
		<key>4E5E98C01BA6F4D3002B3687</key>
		<dict>
			<key>isa</key>
			<string>PBXFileReference</string>
			<key>lastKnownFileType</key>
			<string>text.plist.xml</string>
			<key>path</key>
			<string>Info.plist</string>
			<key>sourceTree</key>
			<string>&lt;group&gt;</string>
		</dict>
		<key>4E5E98C11BA6F4D3002B3687</key>
		<dict>
			<key>isa</key>
			<string>PBXFileReference</string>
			<key>lastKnownFileType</key>
			<string>sourcecode.c.objc</string>
			<key>path</key>
			<string>book_library_iosTests.m</string>
			<key>sourceTree</key>
			<string>&lt;group&gt;</string>
		</dict>
		<key>4E5E98C21BA6F4D3002B3687</key>
		<dict>
			<key>fileRef</key>
			<string>4E5E98C11BA6F4D3002B3687</string>
			<key>isa</key>
			<string>PBXBuildFile</string>
		</dict>
		<key>4E5E98C31BA6F4D3002B3687</key>
		<dict>
			<key>buildSettings</key>
			<dict>
				<key>ALWAYS_SEARCH_USER_PATHS</key>
				<string>NO</string>
				<key>CLANG_CXX_LANGUAGE_STANDARD</key>
				<string>gnu++0x</string>
				<key>CLANG_CXX_LIBRARY</key>
				<string>libc++</string>
				<key>CLANG_ENABLE_MODULES</key>
				<string>YES</string>
				<key>CLANG_ENABLE_OBJC_ARC</key>
				<string>YES</string>
				<key>CLANG_WARN_BOOL_CONVERSION</key>
				<string>YES</string>
				<key>CLANG_WARN_CONSTANT_CONVERSION</key>
				<string>YES</string>
				<key>CLANG_WARN_DIRECT_OBJC_ISA_USAGE</key>
				<string>YES_ERROR</string>
				<key>CLANG_WARN_EMPTY_BODY</key>
				<string>YES</string>
				<key>CLANG_WARN_ENUM_CONVERSION</key>
				<string>YES</string>
				<key>CLANG_WARN_INT_CONVERSION</key>
				<string>YES</string>
				<key>CLANG_WARN_OBJC_ROOT_CLASS</key>
				<string>YES_ERROR</string>
				<key>CLANG_WARN_UNREACHABLE_CODE</key>
				<string>YES</string>
				<key>CLANG_WARN__DUPLICATE_METHOD_MATCH</key>
				<string>YES</string>
				<key>CODE_SIGN_IDENTITY[sdk=iphoneos*]</key>
				<string>iPhone Developer</string>
				<key>COPY_PHASE_STRIP</key>
				<string>NO</string>
				<key>DEBUG_INFORMATION_FORMAT</key>
				<string>dwarf-with-dsym</string>
				<key>ENABLE_STRICT_OBJC_MSGSEND</key>
				<string>YES</string>
				<key>GCC_C_LANGUAGE_STANDARD</key>
				<string>gnu99</string>
				<key>GCC_DYNAMIC_NO_PIC</key>
				<string>NO</string>
				<key>GCC_NO_COMMON_BLOCKS</key>
				<string>YES</string>
				<key>GCC_OPTIMIZATION_LEVEL</key>
				<string>0</string>
				<key>GCC_PREPROCESSOR_DEFINITIONS</key>
				<array>
					<string>DEBUG=1</string>
					<string>$(inherited)</string>
				</array>
				<key>GCC_SYMBOLS_PRIVATE_EXTERN</key>
				<string>NO</string>
				<key>GCC_WARN_64_TO_32_BIT_CONVERSION</key>
				<string>YES</string>
				<key>GCC_WARN_ABOUT_RETURN_TYPE</key>
				<string>YES_ERROR</string>
				<key>GCC_WARN_UNDECLARED_SELECTOR</key>
				<string>YES</string>
				<key>GCC_WARN_UNINITIALIZED_AUTOS</key>
				<string>YES_AGGRESSIVE</string>
				<key>GCC_WARN_UNUSED_FUNCTION</key>
				<string>YES</string>
				<key>GCC_WARN_UNUSED_VARIABLE</key>
				<string>YES</string>
				<key>IPHONEOS_DEPLOYMENT_TARGET</key>
				<string>8.0</string>
				<key>MTL_ENABLE_DEBUG_INFO</key>
				<string>YES</string>
				<key>ONLY_ACTIVE_ARCH</key>
				<string>YES</string>
				<key>SDKROOT</key>
				<string>iphoneos</string>
				<key>TARGETED_DEVICE_FAMILY</key>
				<string>1,2</string>
			</dict>
			<key>isa</key>
			<string>XCBuildConfiguration</string>
			<key>name</key>
			<string>Debug</string>
		</dict>
		<key>4E5E98C41BA6F4D3002B3687</key>
		<dict>
			<key>buildSettings</key>
			<dict>
				<key>ALWAYS_SEARCH_USER_PATHS</key>
				<string>NO</string>
				<key>CLANG_CXX_LANGUAGE_STANDARD</key>
				<string>gnu++0x</string>
				<key>CLANG_CXX_LIBRARY</key>
				<string>libc++</string>
				<key>CLANG_ENABLE_MODULES</key>
				<string>YES</string>
				<key>CLANG_ENABLE_OBJC_ARC</key>
				<string>YES</string>
				<key>CLANG_WARN_BOOL_CONVERSION</key>
				<string>YES</string>
				<key>CLANG_WARN_CONSTANT_CONVERSION</key>
				<string>YES</string>
				<key>CLANG_WARN_DIRECT_OBJC_ISA_USAGE</key>
				<string>YES_ERROR</string>
				<key>CLANG_WARN_EMPTY_BODY</key>
				<string>YES</string>
				<key>CLANG_WARN_ENUM_CONVERSION</key>
				<string>YES</string>
				<key>CLANG_WARN_INT_CONVERSION</key>
				<string>YES</string>
				<key>CLANG_WARN_OBJC_ROOT_CLASS</key>
				<string>YES_ERROR</string>
				<key>CLANG_WARN_UNREACHABLE_CODE</key>
				<string>YES</string>
				<key>CLANG_WARN__DUPLICATE_METHOD_MATCH</key>
				<string>YES</string>
				<key>CODE_SIGN_IDENTITY[sdk=iphoneos*]</key>
				<string>iPhone Developer</string>
				<key>COPY_PHASE_STRIP</key>
				<string>NO</string>
				<key>DEBUG_INFORMATION_FORMAT</key>
				<string>dwarf-with-dsym</string>
				<key>ENABLE_NS_ASSERTIONS</key>
				<string>NO</string>
				<key>ENABLE_STRICT_OBJC_MSGSEND</key>
				<string>YES</string>
				<key>GCC_C_LANGUAGE_STANDARD</key>
				<string>gnu99</string>
				<key>GCC_NO_COMMON_BLOCKS</key>
				<string>YES</string>
				<key>GCC_WARN_64_TO_32_BIT_CONVERSION</key>
				<string>YES</string>
				<key>GCC_WARN_ABOUT_RETURN_TYPE</key>
				<string>YES_ERROR</string>
				<key>GCC_WARN_UNDECLARED_SELECTOR</key>
				<string>YES</string>
				<key>GCC_WARN_UNINITIALIZED_AUTOS</key>
				<string>YES_AGGRESSIVE</string>
				<key>GCC_WARN_UNUSED_FUNCTION</key>
				<string>YES</string>
				<key>GCC_WARN_UNUSED_VARIABLE</key>
				<string>YES</string>
				<key>IPHONEOS_DEPLOYMENT_TARGET</key>
				<string>8.0</string>
				<key>MTL_ENABLE_DEBUG_INFO</key>
				<string>NO</string>
				<key>SDKROOT</key>
				<string>iphoneos</string>
				<key>TARGETED_DEVICE_FAMILY</key>
				<string>1,2</string>
				<key>VALIDATE_PRODUCT</key>
				<string>YES</string>
			</dict>
			<key>isa</key>
			<string>XCBuildConfiguration</string>
			<key>name</key>
			<string>Release</string>
		</dict>
		<key>4E5E98C51BA6F4D3002B3687</key>
		<dict>
			<key>buildConfigurations</key>
			<array>
				<string>4E5E98C61BA6F4D3002B3687</string>
				<string>4E5E98C71BA6F4D3002B3687</string>
			</array>
			<key>defaultConfigurationIsVisible</key>
			<string>0</string>
			<key>defaultConfigurationName</key>
			<string>Release</string>
			<key>isa</key>
			<string>XCConfigurationList</string>
		</dict>
		<key>4E5E98C61BA6F4D3002B3687</key>
		<dict>
			<key>baseConfigurationReference</key>
			<string>2CFF121829FD937E4FFF7E39</string>
			<key>buildSettings</key>
			<dict>
				<key>ASSETCATALOG_COMPILER_APPICON_NAME</key>
				<string>AppIcon</string>
				<key>ASSETCATALOG_COMPILER_LAUNCHIMAGE_NAME</key>
				<string>LaunchImage</string>
				<key>CODE_SIGN_IDENTITY</key>
				<string>iPhone Developer</string>
				<key>DEVELOPMENT_TEAM</key>
				<string>K28BFPPB7P</string>
				<key>INFOPLIST_FILE</key>
				<string>book-library-ios/Info.plist</string>
				<key>IPHONEOS_DEPLOYMENT_TARGET</key>
				<string>8.0</string>
				<key>LD_RUNPATH_SEARCH_PATHS</key>
				<string>$(inherited) @executable_path/Frameworks</string>
				<key>PRODUCT_NAME</key>
				<string>$(TARGET_NAME)</string>
				<key>TARGETED_DEVICE_FAMILY</key>
				<string>1</string>
			</dict>
			<key>isa</key>
			<string>XCBuildConfiguration</string>
			<key>name</key>
			<string>Debug</string>
		</dict>
		<key>4E5E98C71BA6F4D3002B3687</key>
		<dict>
			<key>baseConfigurationReference</key>
			<string>F704A00015E41ECADB745C8C</string>
			<key>buildSettings</key>
			<dict>
				<key>ASSETCATALOG_COMPILER_APPICON_NAME</key>
				<string>AppIcon</string>
				<key>ASSETCATALOG_COMPILER_LAUNCHIMAGE_NAME</key>
				<string>LaunchImage</string>
				<key>CODE_SIGN_IDENTITY</key>
				<string>iPhone Developer</string>
				<key>DEVELOPMENT_TEAM</key>
				<string>K28BFPPB7P</string>
				<key>INFOPLIST_FILE</key>
				<string>book-library-ios/Info.plist</string>
				<key>IPHONEOS_DEPLOYMENT_TARGET</key>
				<string>8.0</string>
				<key>LD_RUNPATH_SEARCH_PATHS</key>
				<string>$(inherited) @executable_path/Frameworks</string>
				<key>PRODUCT_NAME</key>
				<string>$(TARGET_NAME)</string>
				<key>TARGETED_DEVICE_FAMILY</key>
				<string>1</string>
			</dict>
			<key>isa</key>
			<string>XCBuildConfiguration</string>
			<key>name</key>
			<string>Release</string>
		</dict>
		<key>4E5E98C81BA6F4D3002B3687</key>
		<dict>
			<key>buildConfigurations</key>
			<array>
				<string>4E5E98C91BA6F4D3002B3687</string>
				<string>4E5E98CA1BA6F4D3002B3687</string>
			</array>
			<key>defaultConfigurationIsVisible</key>
			<string>0</string>
			<key>defaultConfigurationName</key>
			<string>Release</string>
			<key>isa</key>
			<string>XCConfigurationList</string>
		</dict>
		<key>4E5E98C91BA6F4D3002B3687</key>
		<dict>
			<key>buildSettings</key>
			<dict>
				<key>BUNDLE_LOADER</key>
				<string>$(TEST_HOST)</string>
				<key>FRAMEWORK_SEARCH_PATHS</key>
				<array>
					<string>$(SDKROOT)/Developer/Library/Frameworks</string>
					<string>$(inherited)</string>
				</array>
				<key>GCC_PREPROCESSOR_DEFINITIONS</key>
				<array>
					<string>DEBUG=1</string>
					<string>$(inherited)</string>
				</array>
				<key>INFOPLIST_FILE</key>
				<string>book-library-iosTests/Info.plist</string>
				<key>LD_RUNPATH_SEARCH_PATHS</key>
				<string>$(inherited) @executable_path/Frameworks @loader_path/Frameworks</string>
				<key>PRODUCT_NAME</key>
				<string>$(TARGET_NAME)</string>
				<key>TEST_HOST</key>
				<string>$(BUILT_PRODUCTS_DIR)/book-library-ios.app/book-library-ios</string>
			</dict>
			<key>isa</key>
			<string>XCBuildConfiguration</string>
			<key>name</key>
			<string>Debug</string>
		</dict>
		<key>4E5E98CA1BA6F4D3002B3687</key>
		<dict>
			<key>buildSettings</key>
			<dict>
				<key>BUNDLE_LOADER</key>
				<string>$(TEST_HOST)</string>
				<key>FRAMEWORK_SEARCH_PATHS</key>
				<array>
					<string>$(SDKROOT)/Developer/Library/Frameworks</string>
					<string>$(inherited)</string>
				</array>
				<key>INFOPLIST_FILE</key>
				<string>book-library-iosTests/Info.plist</string>
				<key>LD_RUNPATH_SEARCH_PATHS</key>
				<string>$(inherited) @executable_path/Frameworks @loader_path/Frameworks</string>
				<key>PRODUCT_NAME</key>
				<string>$(TARGET_NAME)</string>
				<key>TEST_HOST</key>
				<string>$(BUILT_PRODUCTS_DIR)/book-library-ios.app/book-library-ios</string>
			</dict>
			<key>isa</key>
			<string>XCBuildConfiguration</string>
			<key>name</key>
			<string>Release</string>
		</dict>
		<key>4E6D931B1BABB5B700A2B0A7</key>
		<dict>
			<key>children</key>
			<array>
				<string>4E0FF8881C0ACF2000971697</string>
				<string>4E7C63121BF0D2CF00E1341E</string>
				<string>4E7B23F71BB3F11F00A42E62</string>
			</array>
			<key>isa</key>
			<string>PBXGroup</string>
			<key>path</key>
			<string>commons</string>
			<key>sourceTree</key>
			<string>&lt;group&gt;</string>
		</dict>
		<key>4E6D93231BABC81600A2B0A7</key>
		<dict>
			<key>fileEncoding</key>
			<string>4</string>
			<key>isa</key>
			<string>PBXFileReference</string>
			<key>lastKnownFileType</key>
			<string>sourcecode.c.h</string>
			<key>path</key>
			<string>DLLBookInfoCollectionViewCell.h</string>
			<key>sourceTree</key>
			<string>&lt;group&gt;</string>
		</dict>
		<key>4E6D93241BABC81600A2B0A7</key>
		<dict>
			<key>fileEncoding</key>
			<string>4</string>
			<key>isa</key>
			<string>PBXFileReference</string>
			<key>lastKnownFileType</key>
			<string>sourcecode.c.objc</string>
			<key>path</key>
			<string>DLLBookInfoCollectionViewCell.m</string>
			<key>sourceTree</key>
			<string>&lt;group&gt;</string>
		</dict>
		<key>4E6D93261BABC81600A2B0A7</key>
		<dict>
			<key>fileRef</key>
			<string>4E6D93241BABC81600A2B0A7</string>
			<key>isa</key>
			<string>PBXBuildFile</string>
		</dict>
		<key>4E6D93281BABCDAB00A2B0A7</key>
		<dict>
			<key>fileEncoding</key>
			<string>4</string>
			<key>isa</key>
			<string>PBXFileReference</string>
			<key>lastKnownFileType</key>
			<string>sourcecode.c.h</string>
			<key>path</key>
			<string>DLLBook.h</string>
			<key>sourceTree</key>
			<string>&lt;group&gt;</string>
		</dict>
		<key>4E6D93291BABCDAB00A2B0A7</key>
		<dict>
			<key>fileEncoding</key>
			<string>4</string>
			<key>isa</key>
			<string>PBXFileReference</string>
			<key>lastKnownFileType</key>
			<string>sourcecode.c.objc</string>
			<key>path</key>
			<string>DLLBook.m</string>
			<key>sourceTree</key>
			<string>&lt;group&gt;</string>
		</dict>
		<key>4E6D932A1BABCDAB00A2B0A7</key>
		<dict>
			<key>fileRef</key>
			<string>4E6D93291BABCDAB00A2B0A7</string>
			<key>isa</key>
			<string>PBXBuildFile</string>
		</dict>
		<key>4E6F78E61BE51013009172A4</key>
		<dict>
			<key>fileEncoding</key>
			<string>4</string>
			<key>isa</key>
			<string>PBXFileReference</string>
			<key>lastKnownFileType</key>
			<string>sourcecode.c.h</string>
			<key>path</key>
			<string>DLLCommonTextView.h</string>
			<key>sourceTree</key>
			<string>&lt;group&gt;</string>
		</dict>
		<key>4E6F78E71BE51013009172A4</key>
		<dict>
			<key>fileEncoding</key>
			<string>4</string>
			<key>isa</key>
			<string>PBXFileReference</string>
			<key>lastKnownFileType</key>
			<string>sourcecode.c.objc</string>
			<key>path</key>
			<string>DLLCommonTextView.m</string>
			<key>sourceTree</key>
			<string>&lt;group&gt;</string>
		</dict>
		<key>4E6F78E81BE51013009172A4</key>
		<dict>
			<key>fileRef</key>
			<string>4E6F78E71BE51013009172A4</string>
			<key>isa</key>
			<string>PBXBuildFile</string>
		</dict>
		<key>4E6F78E91BE51F2F009172A4</key>
		<dict>
			<key>fileEncoding</key>
			<string>4</string>
			<key>isa</key>
			<string>PBXFileReference</string>
			<key>lastKnownFileType</key>
			<string>file.xib</string>
			<key>path</key>
			<string>Empty.xib</string>
			<key>sourceTree</key>
			<string>&lt;group&gt;</string>
		</dict>
		<key>4E6F78EA1BE51F2F009172A4</key>
		<dict>
			<key>fileRef</key>
			<string>4E6F78E91BE51F2F009172A4</string>
			<key>isa</key>
			<string>PBXBuildFile</string>
		</dict>
		<key>4E6F78EB1BE5B3A9009172A4</key>
		<dict>
			<key>fileEncoding</key>
			<string>4</string>
			<key>isa</key>
			<string>PBXFileReference</string>
			<key>lastKnownFileType</key>
			<string>sourcecode.c.h</string>
			<key>path</key>
			<string>DLLTextViewController.h</string>
			<key>sourceTree</key>
			<string>&lt;group&gt;</string>
		</dict>
		<key>4E6F78EC1BE5B3A9009172A4</key>
		<dict>
			<key>fileEncoding</key>
			<string>4</string>
			<key>isa</key>
			<string>PBXFileReference</string>
			<key>lastKnownFileType</key>
			<string>sourcecode.c.objc</string>
			<key>path</key>
			<string>DLLTextViewController.m</string>
			<key>sourceTree</key>
			<string>&lt;group&gt;</string>
		</dict>
		<key>4E6F78ED1BE5B3A9009172A4</key>
		<dict>
			<key>fileRef</key>
			<string>4E6F78EC1BE5B3A9009172A4</string>
			<key>isa</key>
			<string>PBXBuildFile</string>
		</dict>
		<key>4E6F78EE1BE5FF67009172A4</key>
		<dict>
			<key>fileEncoding</key>
			<string>4</string>
			<key>isa</key>
			<string>PBXFileReference</string>
			<key>lastKnownFileType</key>
			<string>sourcecode.c.h</string>
			<key>path</key>
			<string>DLLScanViewController.h</string>
			<key>sourceTree</key>
			<string>&lt;group&gt;</string>
		</dict>
		<key>4E6F78EF1BE5FF67009172A4</key>
		<dict>
			<key>fileEncoding</key>
			<string>4</string>
			<key>isa</key>
			<string>PBXFileReference</string>
			<key>lastKnownFileType</key>
			<string>sourcecode.c.objc</string>
			<key>path</key>
			<string>DLLScanViewController.m</string>
			<key>sourceTree</key>
			<string>&lt;group&gt;</string>
		</dict>
		<key>4E6F78F01BE5FF67009172A4</key>
		<dict>
			<key>fileRef</key>
			<string>4E6F78EF1BE5FF67009172A4</string>
			<key>isa</key>
			<string>PBXBuildFile</string>
		</dict>
		<key>4E74C9011BE8695000335EFF</key>
		<dict>
			<key>fileEncoding</key>
			<string>4</string>
			<key>isa</key>
			<string>PBXFileReference</string>
			<key>lastKnownFileType</key>
			<string>sourcecode.c.h</string>
			<key>path</key>
			<string>DLLTabBar.h</string>
			<key>sourceTree</key>
			<string>&lt;group&gt;</string>
		</dict>
		<key>4E74C9021BE8695000335EFF</key>
		<dict>
			<key>fileEncoding</key>
			<string>4</string>
			<key>isa</key>
			<string>PBXFileReference</string>
			<key>lastKnownFileType</key>
			<string>sourcecode.c.objc</string>
			<key>path</key>
			<string>DLLTabBar.m</string>
			<key>sourceTree</key>
			<string>&lt;group&gt;</string>
		</dict>
		<key>4E74C9031BE8695000335EFF</key>
		<dict>
			<key>fileRef</key>
			<string>4E74C9021BE8695000335EFF</string>
			<key>isa</key>
			<string>PBXBuildFile</string>
		</dict>
		<key>4E74C9041BE86CAA00335EFF</key>
		<dict>
			<key>fileEncoding</key>
			<string>4</string>
			<key>isa</key>
			<string>PBXFileReference</string>
			<key>lastKnownFileType</key>
			<string>sourcecode.c.h</string>
			<key>path</key>
			<string>DLLTabBarButton.h</string>
			<key>sourceTree</key>
			<string>&lt;group&gt;</string>
		</dict>
		<key>4E74C9051BE86CAA00335EFF</key>
		<dict>
			<key>fileEncoding</key>
			<string>4</string>
			<key>isa</key>
			<string>PBXFileReference</string>
			<key>lastKnownFileType</key>
			<string>sourcecode.c.objc</string>
			<key>path</key>
			<string>DLLTabBarButton.m</string>
			<key>sourceTree</key>
			<string>&lt;group&gt;</string>
		</dict>
		<key>4E74C9061BE86CAA00335EFF</key>
		<dict>
			<key>fileRef</key>
			<string>4E74C9051BE86CAA00335EFF</string>
			<key>isa</key>
			<string>PBXBuildFile</string>
		</dict>
		<key>4E7B23F71BB3F11F00A42E62</key>
		<dict>
			<key>children</key>
			<array>
				<string>4E7B23F81BB3F13E00A42E62</string>
				<string>4E7B23F91BB3F13E00A42E62</string>
			</array>
			<key>isa</key>
			<string>PBXGroup</string>
			<key>path</key>
			<string>tool</string>
			<key>sourceTree</key>
			<string>&lt;group&gt;</string>
		</dict>
		<key>4E7B23F81BB3F13E00A42E62</key>
		<dict>
			<key>fileEncoding</key>
			<string>4</string>
			<key>isa</key>
			<string>PBXFileReference</string>
			<key>lastKnownFileType</key>
			<string>sourcecode.c.h</string>
			<key>path</key>
			<string>TTHttpTool.h</string>
			<key>sourceTree</key>
			<string>&lt;group&gt;</string>
		</dict>
		<key>4E7B23F91BB3F13E00A42E62</key>
		<dict>
			<key>fileEncoding</key>
			<string>4</string>
			<key>isa</key>
			<string>PBXFileReference</string>
			<key>lastKnownFileType</key>
			<string>sourcecode.c.objc</string>
			<key>path</key>
			<string>TTHttpTool.m</string>
			<key>sourceTree</key>
			<string>&lt;group&gt;</string>
		</dict>
		<key>4E7B23FA1BB3F13E00A42E62</key>
		<dict>
			<key>fileRef</key>
			<string>4E7B23F91BB3F13E00A42E62</string>
			<key>isa</key>
			<string>PBXBuildFile</string>
		</dict>
		<key>4E7C60D11BEE2CCB00E1341E</key>
		<dict>
			<key>children</key>
			<array>
				<string>4E7C60D21BEE2CCB00E1341E</string>
				<string>4E7C60D31BEE2CCB00E1341E</string>
			</array>
			<key>isa</key>
			<string>PBXGroup</string>
			<key>path</key>
			<string>search</string>
			<key>sourceTree</key>
			<string>&lt;group&gt;</string>
		</dict>
		<key>4E7C60D21BEE2CCB00E1341E</key>
		<dict>
			<key>children</key>
			<array>
				<string>4EA483501BF870DA004F6E98</string>
				<string>4EA483511BF870DA004F6E98</string>
			</array>
			<key>isa</key>
			<string>PBXGroup</string>
			<key>path</key>
			<string>Controller</string>
			<key>sourceTree</key>
			<string>&lt;group&gt;</string>
		</dict>
		<key>4E7C60D31BEE2CCB00E1341E</key>
		<dict>
			<key>children</key>
			<array>
				<string>4EA483531BF875F0004F6E98</string>
				<string>4EA483541BF875F0004F6E98</string>
			</array>
			<key>isa</key>
			<string>PBXGroup</string>
			<key>path</key>
			<string>View</string>
			<key>sourceTree</key>
			<string>&lt;group&gt;</string>
		</dict>
		<key>4E7C63121BF0D2CF00E1341E</key>
		<dict>
			<key>children</key>
			<array>
				<string>4E7C63131BF0D2CF00E1341E</string>
				<string>4E7C63141BF0D2CF00E1341E</string>
				<string>4E7C63151BF0D2CF00E1341E</string>
			</array>
			<key>isa</key>
			<string>PBXGroup</string>
			<key>path</key>
			<string>NSDate+Helper</string>
			<key>sourceTree</key>
			<string>&lt;group&gt;</string>
		</dict>
		<key>4E7C63131BF0D2CF00E1341E</key>
		<dict>
			<key>fileEncoding</key>
			<string>4</string>
			<key>isa</key>
			<string>PBXFileReference</string>
			<key>lastKnownFileType</key>
			<string>sourcecode.c.h</string>
			<key>path</key>
			<string>NSDate+Helper.h</string>
			<key>sourceTree</key>
			<string>&lt;group&gt;</string>
		</dict>
		<key>4E7C63141BF0D2CF00E1341E</key>
		<dict>
			<key>fileEncoding</key>
			<string>4</string>
			<key>isa</key>
			<string>PBXFileReference</string>
			<key>lastKnownFileType</key>
			<string>sourcecode.c.objc</string>
			<key>path</key>
			<string>NSDate+Helper.m</string>
			<key>sourceTree</key>
			<string>&lt;group&gt;</string>
		</dict>
		<key>4E7C63151BF0D2CF00E1341E</key>
		<dict>
			<key>fileEncoding</key>
			<string>4</string>
			<key>isa</key>
			<string>PBXFileReference</string>
			<key>lastKnownFileType</key>
			<string>text</string>
			<key>path</key>
			<string>README.textile</string>
			<key>sourceTree</key>
			<string>&lt;group&gt;</string>
		</dict>
		<key>4E7C63161BF0D2CF00E1341E</key>
		<dict>
			<key>fileRef</key>
			<string>4E7C63141BF0D2CF00E1341E</string>
			<key>isa</key>
			<string>PBXBuildFile</string>
		</dict>
		<key>4E7C63171BF0D2CF00E1341E</key>
		<dict>
			<key>fileRef</key>
			<string>4E7C63151BF0D2CF00E1341E</string>
			<key>isa</key>
			<string>PBXBuildFile</string>
		</dict>
		<key>4EA07BE81BA9741400829E90</key>
		<dict>
			<key>children</key>
			<array>
				<string>4E0FF8831C0ACE5C00971697</string>
				<string>4E7C60D11BEE2CCB00E1341E</string>
				<string>4E0554F81BDCF86C0034FA2A</string>
				<string>4E29D8211BD5E7C3001F8CCB</string>
				<string>4E29D8121BD10BA0001F8CCB</string>
				<string>4E0C2A781BC13BDD0035351A</string>
				<string>4E6D931B1BABB5B700A2B0A7</string>
				<string>4EA07C041BA9813100829E90</string>
				<string>4EA07BE91BA9741400829E90</string>
				<string>4EA07BEE1BA9741400829E90</string>
			</array>
			<key>isa</key>
			<string>PBXGroup</string>
			<key>path</key>
			<string>Classes</string>
			<key>sourceTree</key>
			<string>&lt;group&gt;</string>
		</dict>
		<key>4EA07BE91BA9741400829E90</key>
		<dict>
			<key>children</key>
			<array>
				<string>4EA07BEA1BA9741400829E90</string>
				<string>4EA07BEB1BA9741400829E90</string>
				<string>4EA07BEC1BA9741400829E90</string>
				<string>4EA07BED1BA9741400829E90</string>
			</array>
			<key>isa</key>
			<string>PBXGroup</string>
			<key>name</key>
			<string>Disc(&#21457;&#29616;)</string>
			<key>path</key>
			<string>Disc</string>
			<key>sourceTree</key>
			<string>&lt;group&gt;</string>
		</dict>
		<key>4EA07BEA1BA9741400829E90</key>
		<dict>
			<key>children</key>
			<array/>
			<key>isa</key>
			<string>PBXGroup</string>
			<key>path</key>
			<string>Controller</string>
			<key>sourceTree</key>
			<string>&lt;group&gt;</string>
		</dict>
		<key>4EA07BEB1BA9741400829E90</key>
		<dict>
			<key>children</key>
			<array/>
			<key>isa</key>
			<string>PBXGroup</string>
			<key>path</key>
			<string>Model</string>
			<key>sourceTree</key>
			<string>&lt;group&gt;</string>
		</dict>
		<key>4EA07BEC1BA9741400829E90</key>
		<dict>
			<key>children</key>
			<array/>
			<key>isa</key>
			<string>PBXGroup</string>
			<key>path</key>
			<string>Other</string>
			<key>sourceTree</key>
			<string>&lt;group&gt;</string>
		</dict>
		<key>4EA07BED1BA9741400829E90</key>
		<dict>
			<key>children</key>
			<array/>
			<key>isa</key>
			<string>PBXGroup</string>
			<key>path</key>
			<string>View</string>
			<key>sourceTree</key>
			<string>&lt;group&gt;</string>
		</dict>
		<key>4EA07BEE1BA9741400829E90</key>
		<dict>
			<key>children</key>
			<array>
				<string>4EA07BEF1BA9741400829E90</string>
				<string>4EA07BF01BA9741400829E90</string>
				<string>4EA07BF11BA9741400829E90</string>
				<string>4EA07BF21BA9741400829E90</string>
			</array>
			<key>isa</key>
			<string>PBXGroup</string>
			<key>path</key>
			<string>Home</string>
			<key>sourceTree</key>
			<string>&lt;group&gt;</string>
		</dict>
		<key>4EA07BEF1BA9741400829E90</key>
		<dict>
			<key>children</key>
			<array>
				<string>4E29D80F1BD10B7D001F8CCB</string>
				<string>4E29D8101BD10B7D001F8CCB</string>
			</array>
			<key>isa</key>
			<string>PBXGroup</string>
			<key>path</key>
			<string>Controller</string>
			<key>sourceTree</key>
			<string>&lt;group&gt;</string>
		</dict>
		<key>4EA07BF01BA9741400829E90</key>
		<dict>
			<key>children</key>
			<array>
				<string>4E6D93281BABCDAB00A2B0A7</string>
				<string>4E6D93291BABCDAB00A2B0A7</string>
				<string>4E17588D1C01E72A00096AA5</string>
				<string>4E17588E1C01E72A00096AA5</string>
			</array>
			<key>isa</key>
			<string>PBXGroup</string>
			<key>path</key>
			<string>Model</string>
			<key>sourceTree</key>
			<string>&lt;group&gt;</string>
		</dict>
		<key>4EA07BF11BA9741400829E90</key>
		<dict>
			<key>children</key>
			<array/>
			<key>isa</key>
			<string>PBXGroup</string>
			<key>path</key>
			<string>Other</string>
			<key>sourceTree</key>
			<string>&lt;group&gt;</string>
		</dict>
		<key>4EA07BF21BA9741400829E90</key>
		<dict>
			<key>children</key>
			<array>
				<string>4E6D93231BABC81600A2B0A7</string>
				<string>4E6D93241BABC81600A2B0A7</string>
				<string>4EA4834D1BF84317004F6E98</string>
				<string>4EA4834E1BF84317004F6E98</string>
			</array>
			<key>isa</key>
			<string>PBXGroup</string>
			<key>path</key>
			<string>View</string>
			<key>sourceTree</key>
			<string>&lt;group&gt;</string>
		</dict>
		<key>4EA07C041BA9813100829E90</key>
		<dict>
			<key>children</key>
			<array>
				<string>4EA07C051BA9813100829E90</string>
				<string>4EA07C061BA9813100829E90</string>
				<string>4EA07C071BA9813100829E90</string>
				<string>4EA07C081BA9813100829E90</string>
			</array>
			<key>isa</key>
			<string>PBXGroup</string>
			<key>path</key>
			<string>list</string>
			<key>sourceTree</key>
			<string>&lt;group&gt;</string>
		</dict>
		<key>4EA07C051BA9813100829E90</key>
		<dict>
			<key>children</key>
			<array>
				<string>4EA07C091BA9816A00829E90</string>
				<string>4EA07C0A1BA9816A00829E90</string>
			</array>
			<key>isa</key>
			<string>PBXGroup</string>
			<key>path</key>
			<string>Controller</string>
			<key>sourceTree</key>
			<string>&lt;group&gt;</string>
		</dict>
		<key>4EA07C061BA9813100829E90</key>
		<dict>
			<key>children</key>
			<array/>
			<key>isa</key>
			<string>PBXGroup</string>
			<key>path</key>
			<string>Model</string>
			<key>sourceTree</key>
			<string>&lt;group&gt;</string>
		</dict>
		<key>4EA07C071BA9813100829E90</key>
		<dict>
			<key>children</key>
			<array/>
			<key>isa</key>
			<string>PBXGroup</string>
			<key>path</key>
			<string>Other</string>
			<key>sourceTree</key>
			<string>&lt;group&gt;</string>
		</dict>
		<key>4EA07C081BA9813100829E90</key>
		<dict>
			<key>children</key>
			<array/>
			<key>isa</key>
			<string>PBXGroup</string>
			<key>path</key>
			<string>View</string>
			<key>sourceTree</key>
			<string>&lt;group&gt;</string>
		</dict>
		<key>4EA07C091BA9816A00829E90</key>
		<dict>
			<key>fileEncoding</key>
			<string>4</string>
			<key>isa</key>
			<string>PBXFileReference</string>
			<key>lastKnownFileType</key>
			<string>sourcecode.c.h</string>
			<key>path</key>
			<string>DLLListPageViewController.h</string>
			<key>sourceTree</key>
			<string>&lt;group&gt;</string>
		</dict>
		<key>4EA07C0A1BA9816A00829E90</key>
		<dict>
			<key>fileEncoding</key>
			<string>4</string>
			<key>isa</key>
			<string>PBXFileReference</string>
			<key>lastKnownFileType</key>
			<string>sourcecode.c.objc</string>
			<key>path</key>
			<string>DLLListPageViewController.m</string>
			<key>sourceTree</key>
			<string>&lt;group&gt;</string>
		</dict>
		<key>4EA07C0B1BA9816A00829E90</key>
		<dict>
			<key>fileRef</key>
			<string>4EA07C0A1BA9816A00829E90</string>
			<key>isa</key>
			<string>PBXBuildFile</string>
		</dict>
		<key>4EA4834D1BF84317004F6E98</key>
		<dict>
			<key>fileEncoding</key>
			<string>4</string>
			<key>isa</key>
			<string>PBXFileReference</string>
			<key>lastKnownFileType</key>
			<string>sourcecode.c.h</string>
			<key>path</key>
			<string>DLLBookInfoTableViewCell.h</string>
			<key>sourceTree</key>
			<string>&lt;group&gt;</string>
		</dict>
		<key>4EA4834E1BF84317004F6E98</key>
		<dict>
			<key>fileEncoding</key>
			<string>4</string>
			<key>isa</key>
			<string>PBXFileReference</string>
			<key>lastKnownFileType</key>
			<string>sourcecode.c.objc</string>
			<key>path</key>
			<string>DLLBookInfoTableViewCell.m</string>
			<key>sourceTree</key>
			<string>&lt;group&gt;</string>
		</dict>
		<key>4EA4834F1BF84317004F6E98</key>
		<dict>
			<key>fileRef</key>
			<string>4EA4834E1BF84317004F6E98</string>
			<key>isa</key>
			<string>PBXBuildFile</string>
		</dict>
		<key>4EA483501BF870DA004F6E98</key>
		<dict>
			<key>fileEncoding</key>
			<string>4</string>
			<key>isa</key>
			<string>PBXFileReference</string>
			<key>lastKnownFileType</key>
			<string>sourcecode.c.h</string>
			<key>path</key>
			<string>DLLSearchResultTableViewController.h</string>
			<key>sourceTree</key>
			<string>&lt;group&gt;</string>
		</dict>
		<key>4EA483511BF870DA004F6E98</key>
		<dict>
			<key>fileEncoding</key>
			<string>4</string>
			<key>isa</key>
			<string>PBXFileReference</string>
			<key>lastKnownFileType</key>
			<string>sourcecode.c.objc</string>
			<key>path</key>
			<string>DLLSearchResultTableViewController.m</string>
			<key>sourceTree</key>
			<string>&lt;group&gt;</string>
		</dict>
		<key>4EA483521BF870DA004F6E98</key>
		<dict>
			<key>fileRef</key>
			<string>4EA483511BF870DA004F6E98</string>
			<key>isa</key>
			<string>PBXBuildFile</string>
		</dict>
		<key>4EA483531BF875F0004F6E98</key>
		<dict>
			<key>fileEncoding</key>
			<string>4</string>
			<key>isa</key>
			<string>PBXFileReference</string>
			<key>lastKnownFileType</key>
			<string>sourcecode.c.h</string>
			<key>path</key>
			<string>DLLSearchResultTableViewCell.h</string>
			<key>sourceTree</key>
			<string>&lt;group&gt;</string>
		</dict>
		<key>4EA483541BF875F0004F6E98</key>
		<dict>
			<key>fileEncoding</key>
			<string>4</string>
			<key>isa</key>
			<string>PBXFileReference</string>
			<key>lastKnownFileType</key>
			<string>sourcecode.c.objc</string>
			<key>path</key>
			<string>DLLSearchResultTableViewCell.m</string>
			<key>sourceTree</key>
			<string>&lt;group&gt;</string>
		</dict>
		<key>4EA483551BF875F0004F6E98</key>
		<dict>
			<key>fileRef</key>
			<string>4EA483541BF875F0004F6E98</string>
			<key>isa</key>
			<string>PBXBuildFile</string>
		</dict>
		<key>4EA483561BF88F45004F6E98</key>
		<dict>
			<key>fileEncoding</key>
			<string>4</string>
			<key>isa</key>
			<string>PBXFileReference</string>
			<key>lastKnownFileType</key>
			<string>sourcecode.c.h</string>
			<key>path</key>
			<string>DLLLoginViewController.h</string>
			<key>sourceTree</key>
			<string>&lt;group&gt;</string>
		</dict>
		<key>4EA483571BF88F45004F6E98</key>
		<dict>
			<key>fileEncoding</key>
			<string>4</string>
			<key>isa</key>
			<string>PBXFileReference</string>
			<key>lastKnownFileType</key>
			<string>sourcecode.c.objc</string>
			<key>path</key>
			<string>DLLLoginViewController.m</string>
			<key>sourceTree</key>
			<string>&lt;group&gt;</string>
		</dict>
		<key>4EA483581BF88F45004F6E98</key>
		<dict>
			<key>fileRef</key>
			<string>4EA483571BF88F45004F6E98</string>
			<key>isa</key>
			<string>PBXBuildFile</string>
		</dict>
		<key>4EB82D0E1BD61ABA00439542</key>
		<dict>
			<key>fileEncoding</key>
			<string>4</string>
			<key>isa</key>
			<string>PBXFileReference</string>
			<key>lastKnownFileType</key>
			<string>sourcecode.c.h</string>
			<key>path</key>
			<string>DLLUserInfoView.h</string>
			<key>sourceTree</key>
			<string>&lt;group&gt;</string>
		</dict>
		<key>4EB82D0F1BD61ABA00439542</key>
		<dict>
			<key>fileEncoding</key>
			<string>4</string>
			<key>isa</key>
			<string>PBXFileReference</string>
			<key>lastKnownFileType</key>
			<string>sourcecode.c.objc</string>
			<key>path</key>
			<string>DLLUserInfoView.m</string>
			<key>sourceTree</key>
			<string>&lt;group&gt;</string>
		</dict>
		<key>4EB82D101BD61ABA00439542</key>
		<dict>
			<key>fileRef</key>
			<string>4EB82D0F1BD61ABA00439542</string>
			<key>isa</key>
			<string>PBXBuildFile</string>
		</dict>
		<key>4EB82D111BD61AF900439542</key>
		<dict>
			<key>children</key>
			<array>
				<string>4EB82D121BD61B4600439542</string>
				<string>4EB82D131BD61B4600439542</string>
			</array>
			<key>isa</key>
			<string>PBXGroup</string>
			<key>path</key>
			<string>Model</string>
			<key>sourceTree</key>
			<string>&lt;group&gt;</string>
		</dict>
		<key>4EB82D121BD61B4600439542</key>
		<dict>
			<key>fileEncoding</key>
			<string>4</string>
			<key>isa</key>
			<string>PBXFileReference</string>
			<key>lastKnownFileType</key>
			<string>sourcecode.c.h</string>
			<key>path</key>
			<string>DLLUser.h</string>
			<key>sourceTree</key>
			<string>&lt;group&gt;</string>
		</dict>
		<key>4EB82D131BD61B4600439542</key>
		<dict>
			<key>fileEncoding</key>
			<string>4</string>
			<key>isa</key>
			<string>PBXFileReference</string>
			<key>lastKnownFileType</key>
			<string>sourcecode.c.objc</string>
			<key>path</key>
			<string>DLLUser.m</string>
			<key>sourceTree</key>
			<string>&lt;group&gt;</string>
		</dict>
		<key>4EB82D141BD61B4600439542</key>
		<dict>
			<key>fileRef</key>
			<string>4EB82D131BD61B4600439542</string>
			<key>isa</key>
			<string>PBXBuildFile</string>
		</dict>
		<key>4EB82D151BD736A300439542</key>
		<dict>
			<key>fileEncoding</key>
			<string>4</string>
			<key>isa</key>
			<string>PBXFileReference</string>
			<key>lastKnownFileType</key>
			<string>sourcecode.c.h</string>
			<key>path</key>
			<string>DLLBookCoverView.h</string>
			<key>sourceTree</key>
			<string>&lt;group&gt;</string>
		</dict>
		<key>4EB82D161BD736A300439542</key>
		<dict>
			<key>fileEncoding</key>
			<string>4</string>
			<key>isa</key>
			<string>PBXFileReference</string>
			<key>lastKnownFileType</key>
			<string>sourcecode.c.objc</string>
			<key>path</key>
			<string>DLLBookCoverView.m</string>
			<key>sourceTree</key>
			<string>&lt;group&gt;</string>
		</dict>
		<key>4EB82D171BD736A300439542</key>
		<dict>
			<key>fileRef</key>
			<string>4EB82D161BD736A300439542</string>
			<key>isa</key>
			<string>PBXBuildFile</string>
		</dict>
		<key>4EF2DDE01BDF266A008D2449</key>
		<dict>
			<key>children</key>
			<array>
				<string>4EF2DDE11BDF267B008D2449</string>
				<string>4EF2DDE21BDF267B008D2449</string>
			</array>
			<key>isa</key>
			<string>PBXGroup</string>
			<key>path</key>
			<string>View</string>
			<key>sourceTree</key>
			<string>&lt;group&gt;</string>
		</dict>
		<key>4EF2DDE11BDF267B008D2449</key>
		<dict>
			<key>fileEncoding</key>
			<string>4</string>
			<key>isa</key>
			<string>PBXFileReference</string>
			<key>lastKnownFileType</key>
			<string>sourcecode.c.h</string>
			<key>path</key>
			<string>DLLBookScanDetailView.h</string>
			<key>sourceTree</key>
			<string>&lt;group&gt;</string>
		</dict>
		<key>4EF2DDE21BDF267B008D2449</key>
		<dict>
			<key>fileEncoding</key>
			<string>4</string>
			<key>isa</key>
			<string>PBXFileReference</string>
			<key>lastKnownFileType</key>
			<string>sourcecode.c.objc</string>
			<key>path</key>
			<string>DLLBookScanDetailView.m</string>
			<key>sourceTree</key>
			<string>&lt;group&gt;</string>
		</dict>
		<key>4EF2DDE31BDF267B008D2449</key>
		<dict>
			<key>fileRef</key>
			<string>4EF2DDE21BDF267B008D2449</string>
			<key>isa</key>
			<string>PBXBuildFile</string>
		</dict>
		<key>6C76F1FBFC685EE8B3ADF9C5</key>
		<dict>
			<key>children</key>
			<array>
				<string>E86E0EC8E9992E4D4DE9EE94</string>
			</array>
			<key>isa</key>
			<string>PBXGroup</string>
			<key>name</key>
			<string>Frameworks</string>
			<key>sourceTree</key>
			<string>&lt;group&gt;</string>
		</dict>
		<key>6F06FE057CD4ED20E0B9A12B</key>
		<dict>
			<key>children</key>
			<array>
				<string>2CFF121829FD937E4FFF7E39</string>
				<string>F704A00015E41ECADB745C8C</string>
			</array>
			<key>isa</key>
			<string>PBXGroup</string>
			<key>name</key>
			<string>Pods</string>
			<key>sourceTree</key>
			<string>&lt;group&gt;</string>
		</dict>
		<key>E86E0EC8E9992E4D4DE9EE94</key>
		<dict>
			<key>explicitFileType</key>
			<string>archive.ar</string>
			<key>includeInIndex</key>
			<string>0</string>
			<key>isa</key>
			<string>PBXFileReference</string>
			<key>path</key>
			<string>libPods-book-library-ios.a</string>
			<key>sourceTree</key>
			<string>BUILT_PRODUCTS_DIR</string>
		</dict>
		<key>F704A00015E41ECADB745C8C</key>
		<dict>
			<key>includeInIndex</key>
			<string>1</string>
			<key>isa</key>
			<string>PBXFileReference</string>
			<key>lastKnownFileType</key>
			<string>text.xcconfig</string>
			<key>name</key>
			<string>Pods-book-library-ios.release.xcconfig</string>
			<key>path</key>
			<string>Pods/Target Support Files/Pods-book-library-ios/Pods-book-library-ios.release.xcconfig</string>
			<key>sourceTree</key>
			<string>&lt;group&gt;</string>
		</dict>
	</dict>
	<key>rootObject</key>
	<string>4E5E98971BA6F4D3002B3687</string>
</dict>
</plist>
